// !$*UTF8*$!
{
	archiveVersion = 1;
	classes = {
	};
	objectVersion = 46;
	objects = {

/* Begin PBXBuildFile section */
		1409E1C91B935BFA00C6C314 /* NearsProjectViewController.swift in Sources */ = {isa = PBXBuildFile; fileRef = 1409E1C71B935BFA00C6C314 /* NearsProjectViewController.swift */; };
		1409E1CA1B935BFA00C6C314 /* NearsProjectViewController.xib in Resources */ = {isa = PBXBuildFile; fileRef = 1409E1C81B935BFA00C6C314 /* NearsProjectViewController.xib */; };
		140A2C9D1B875243000C1E81 /* User.swift in Sources */ = {isa = PBXBuildFile; fileRef = 140A2C9C1B875243000C1E81 /* User.swift */; };
		140CA0091B8B057300D83DB5 /* ProjectDetailViewController.swift in Sources */ = {isa = PBXBuildFile; fileRef = 140CA0081B8B057300D83DB5 /* ProjectDetailViewController.swift */; };
		141969B31BA0203E00B23F1B /* EditNickViewController.swift in Sources */ = {isa = PBXBuildFile; fileRef = 141969B21BA0203E00B23F1B /* EditNickViewController.swift */; };
		14215C841B9401180066FF1D /* ProjectTableViewCell.xib in Resources */ = {isa = PBXBuildFile; fileRef = 14215C831B9401180066FF1D /* ProjectTableViewCell.xib */; };
		14215C8C1B9409640066FF1D /* AllProjectViewController.swift in Sources */ = {isa = PBXBuildFile; fileRef = 14215C8A1B9409640066FF1D /* AllProjectViewController.swift */; };
		14215C8D1B9409640066FF1D /* AllProjectViewController.xib in Resources */ = {isa = PBXBuildFile; fileRef = 14215C8B1B9409640066FF1D /* AllProjectViewController.xib */; };
		14215CBB1B9477A00066FF1D /* MJRefreshAutoFooter.m in Sources */ = {isa = PBXBuildFile; fileRef = 14215C911B9477A00066FF1D /* MJRefreshAutoFooter.m */; };
		14215CBC1B9477A00066FF1D /* MJRefreshBackFooter.m in Sources */ = {isa = PBXBuildFile; fileRef = 14215C931B9477A00066FF1D /* MJRefreshBackFooter.m */; };
		14215CBD1B9477A00066FF1D /* MJRefreshComponent.m in Sources */ = {isa = PBXBuildFile; fileRef = 14215C951B9477A00066FF1D /* MJRefreshComponent.m */; };
		14215CBE1B9477A00066FF1D /* MJRefreshFooter.m in Sources */ = {isa = PBXBuildFile; fileRef = 14215C971B9477A00066FF1D /* MJRefreshFooter.m */; };
		14215CBF1B9477A00066FF1D /* MJRefreshHeader.m in Sources */ = {isa = PBXBuildFile; fileRef = 14215C991B9477A00066FF1D /* MJRefreshHeader.m */; };
		14215CC01B9477A00066FF1D /* MJRefreshAutoGifFooter.m in Sources */ = {isa = PBXBuildFile; fileRef = 14215C9E1B9477A00066FF1D /* MJRefreshAutoGifFooter.m */; };
		14215CC11B9477A00066FF1D /* MJRefreshAutoNormalFooter.m in Sources */ = {isa = PBXBuildFile; fileRef = 14215CA01B9477A00066FF1D /* MJRefreshAutoNormalFooter.m */; };
		14215CC21B9477A00066FF1D /* MJRefreshAutoStateFooter.m in Sources */ = {isa = PBXBuildFile; fileRef = 14215CA21B9477A00066FF1D /* MJRefreshAutoStateFooter.m */; };
		14215CC31B9477A00066FF1D /* MJRefreshBackGifFooter.m in Sources */ = {isa = PBXBuildFile; fileRef = 14215CA51B9477A00066FF1D /* MJRefreshBackGifFooter.m */; };
		14215CC41B9477A00066FF1D /* MJRefreshBackNormalFooter.m in Sources */ = {isa = PBXBuildFile; fileRef = 14215CA71B9477A00066FF1D /* MJRefreshBackNormalFooter.m */; };
		14215CC51B9477A00066FF1D /* MJRefreshBackStateFooter.m in Sources */ = {isa = PBXBuildFile; fileRef = 14215CA91B9477A00066FF1D /* MJRefreshBackStateFooter.m */; };
		14215CC61B9477A00066FF1D /* MJRefreshGifHeader.m in Sources */ = {isa = PBXBuildFile; fileRef = 14215CAC1B9477A00066FF1D /* MJRefreshGifHeader.m */; };
		14215CC71B9477A00066FF1D /* MJRefreshNormalHeader.m in Sources */ = {isa = PBXBuildFile; fileRef = 14215CAE1B9477A00066FF1D /* MJRefreshNormalHeader.m */; };
		14215CC81B9477A00066FF1D /* MJRefreshStateHeader.m in Sources */ = {isa = PBXBuildFile; fileRef = 14215CB01B9477A00066FF1D /* MJRefreshStateHeader.m */; };
		14215CC91B9477A00066FF1D /* MJRefresh.bundle in Resources */ = {isa = PBXBuildFile; fileRef = 14215CB11B9477A00066FF1D /* MJRefresh.bundle */; };
		14215CCA1B9477A00066FF1D /* MJRefreshConst.m in Sources */ = {isa = PBXBuildFile; fileRef = 14215CB41B9477A00066FF1D /* MJRefreshConst.m */; };
		14215CCB1B9477A00066FF1D /* UIScrollView+MJExtension.m in Sources */ = {isa = PBXBuildFile; fileRef = 14215CB61B9477A00066FF1D /* UIScrollView+MJExtension.m */; };
		14215CCC1B9477A00066FF1D /* UIScrollView+MJRefresh.m in Sources */ = {isa = PBXBuildFile; fileRef = 14215CB81B9477A00066FF1D /* UIScrollView+MJRefresh.m */; };
		14215CCD1B9477A00066FF1D /* UIView+MJExtension.m in Sources */ = {isa = PBXBuildFile; fileRef = 14215CBA1B9477A00066FF1D /* UIView+MJExtension.m */; };
		1427B21F1B82EC0000FDBCBB /* QuartzCore.framework in Frameworks */ = {isa = PBXBuildFile; fileRef = 1427B21E1B82EC0000FDBCBB /* QuartzCore.framework */; };
		1427B2221B82EC2B00FDBCBB /* CoreGraphics.framework in Frameworks */ = {isa = PBXBuildFile; fileRef = 1427B2211B82EC2B00FDBCBB /* CoreGraphics.framework */; };
		142B37EF1B80E992008F061F /* RegisterViewController.swift in Sources */ = {isa = PBXBuildFile; fileRef = 142B37EE1B80E992008F061F /* RegisterViewController.swift */; };
		14329A751B99256F00465DF2 /* DonationRecordTableViewCell.swift in Sources */ = {isa = PBXBuildFile; fileRef = 14329A731B99256F00465DF2 /* DonationRecordTableViewCell.swift */; };
		14329A761B99256F00465DF2 /* DonationRecordTableViewCell.xib in Resources */ = {isa = PBXBuildFile; fileRef = 14329A741B99256F00465DF2 /* DonationRecordTableViewCell.xib */; };
		14329A7E1B99279F00465DF2 /* ApplyProjectRecordTableViewCellTableViewCell.swift in Sources */ = {isa = PBXBuildFile; fileRef = 14329A7C1B99279F00465DF2 /* ApplyProjectRecordTableViewCellTableViewCell.swift */; };
		14329A7F1B99279F00465DF2 /* ApplyProjectRecordTableViewCellTableViewCell.xib in Resources */ = {isa = PBXBuildFile; fileRef = 14329A7D1B99279F00465DF2 /* ApplyProjectRecordTableViewCellTableViewCell.xib */; };
		14329A821B99286000465DF2 /* ApplyProjectRecordViewController.swift in Sources */ = {isa = PBXBuildFile; fileRef = 14329A801B99286000465DF2 /* ApplyProjectRecordViewController.swift */; };
		14329A831B99286000465DF2 /* ApplyProjectRecordViewController.xib in Resources */ = {isa = PBXBuildFile; fileRef = 14329A811B99286000465DF2 /* ApplyProjectRecordViewController.xib */; };
		14329A871B9928DA00465DF2 /* DonationRecordViewController.swift in Sources */ = {isa = PBXBuildFile; fileRef = 14329A861B9928DA00465DF2 /* DonationRecordViewController.swift */; };
		14329A8A1B99328000465DF2 /* ApplyMoneyRecordTableViewCell.swift in Sources */ = {isa = PBXBuildFile; fileRef = 14329A881B99328000465DF2 /* ApplyMoneyRecordTableViewCell.swift */; };
		14329A8B1B99328000465DF2 /* ApplyMoneyRecordTableViewCell.xib in Resources */ = {isa = PBXBuildFile; fileRef = 14329A891B99328000465DF2 /* ApplyMoneyRecordTableViewCell.xib */; };
		14329A8D1B99342800465DF2 /* Donation.swift in Sources */ = {isa = PBXBuildFile; fileRef = 14329A8C1B99342800465DF2 /* Donation.swift */; };
		14329A911B99CD4B00465DF2 /* ApplyForMoneyViewController.swift in Sources */ = {isa = PBXBuildFile; fileRef = 14329A901B99CD4B00465DF2 /* ApplyForMoneyViewController.swift */; };
		144A9D0C1B9FDEC6005C3A22 /* RMParallax.swift in Sources */ = {isa = PBXBuildFile; fileRef = 144A9D0A1B9FDEC6005C3A22 /* RMParallax.swift */; };
		144A9D0D1B9FDEC6005C3A22 /* RMParallaxItem.swift in Sources */ = {isa = PBXBuildFile; fileRef = 144A9D0B1B9FDEC6005C3A22 /* RMParallaxItem.swift */; };
		144A9D0F1B9FE1E8005C3A22 /* FirstNaviViewController.swift in Sources */ = {isa = PBXBuildFile; fileRef = 144A9D0E1B9FE1E8005C3A22 /* FirstNaviViewController.swift */; };
		144A9D111B9FE2F8005C3A22 /* TabBarViewController.swift in Sources */ = {isa = PBXBuildFile; fileRef = 144A9D101B9FE2F8005C3A22 /* TabBarViewController.swift */; };
		144A9D171B9FEB31005C3A22 /* ExpandNSObject.swift in Sources */ = {isa = PBXBuildFile; fileRef = 144A9D161B9FEB31005C3A22 /* ExpandNSObject.swift */; };
		14580BD71B80DCC20023D2CE /* AppDelegate.swift in Sources */ = {isa = PBXBuildFile; fileRef = 14580BD61B80DCC20023D2CE /* AppDelegate.swift */; };
		14580BDA1B80DCC20023D2CE /* P2PCharity.xcdatamodeld in Sources */ = {isa = PBXBuildFile; fileRef = 14580BD81B80DCC20023D2CE /* P2PCharity.xcdatamodeld */; };
		14580BDC1B80DCC20023D2CE /* ViewController.swift in Sources */ = {isa = PBXBuildFile; fileRef = 14580BDB1B80DCC20023D2CE /* ViewController.swift */; };
		14580BE11B80DCC20023D2CE /* Images.xcassets in Resources */ = {isa = PBXBuildFile; fileRef = 14580BE01B80DCC20023D2CE /* Images.xcassets */; };
		14580BE41B80DCC20023D2CE /* LaunchScreen.xib in Resources */ = {isa = PBXBuildFile; fileRef = 14580BE21B80DCC20023D2CE /* LaunchScreen.xib */; };
		14580BF01B80DCC20023D2CE /* P2PCharityTests.swift in Sources */ = {isa = PBXBuildFile; fileRef = 14580BEF1B80DCC20023D2CE /* P2PCharityTests.swift */; };
		14580C1D1B80E03B0023D2CE /* LoginViewController.swift in Sources */ = {isa = PBXBuildFile; fileRef = 14580C1C1B80E03B0023D2CE /* LoginViewController.swift */; };
		14580C231B80E04A0023D2CE /* applyAuthenticationViewController.swift in Sources */ = {isa = PBXBuildFile; fileRef = 14580C1E1B80E04A0023D2CE /* applyAuthenticationViewController.swift */; };
		14580C241B80E04A0023D2CE /* ProfileTableViewCell.swift in Sources */ = {isa = PBXBuildFile; fileRef = 14580C1F1B80E04A0023D2CE /* ProfileTableViewCell.swift */; };
		14580C251B80E04A0023D2CE /* ProfileViewController.swift in Sources */ = {isa = PBXBuildFile; fileRef = 14580C201B80E04A0023D2CE /* ProfileViewController.swift */; };
		14580C261B80E04A0023D2CE /* ProjectTableViewCell.swift in Sources */ = {isa = PBXBuildFile; fileRef = 14580C211B80E04A0023D2CE /* ProjectTableViewCell.swift */; };
		14580C271B80E04A0023D2CE /* ProjectViewController.swift in Sources */ = {isa = PBXBuildFile; fileRef = 14580C221B80E04A0023D2CE /* ProjectViewController.swift */; };
		14580C291B80E0610023D2CE /* Main.storyboard in Resources */ = {isa = PBXBuildFile; fileRef = 14580C281B80E0610023D2CE /* Main.storyboard */; };
		146023251B9EA7650079ED6A /* MyFocusViewController.swift in Sources */ = {isa = PBXBuildFile; fileRef = 146023241B9EA7650079ED6A /* MyFocusViewController.swift */; };
		1460232A1B9EC83B0079ED6A /* MycardViewController.swift in Sources */ = {isa = PBXBuildFile; fileRef = 146023291B9EC83B0079ED6A /* MycardViewController.swift */; };
		1460232D1B9F14610079ED6A /* CHTCollectionViewWaterfallLayout.m in Sources */ = {isa = PBXBuildFile; fileRef = 1460232C1B9F14610079ED6A /* CHTCollectionViewWaterfallLayout.m */; };
		146023321B9F15170079ED6A /* ProjectCollectionViewCellCollectionViewCell.swift in Sources */ = {isa = PBXBuildFile; fileRef = 146023301B9F15170079ED6A /* ProjectCollectionViewCellCollectionViewCell.swift */; };
		146023331B9F15170079ED6A /* ProjectCollectionViewCellCollectionViewCell.xib in Resources */ = {isa = PBXBuildFile; fileRef = 146023311B9F15170079ED6A /* ProjectCollectionViewCellCollectionViewCell.xib */; };
		146134A91B90BB36003382AA /* CoreLocation.framework in Frameworks */ = {isa = PBXBuildFile; fileRef = 146134A81B90BB36003382AA /* CoreLocation.framework */; };
		146CE9921B98A3D5007D31B3 /* MyRecordViewController.swift in Sources */ = {isa = PBXBuildFile; fileRef = 146CE9911B98A3D5007D31B3 /* MyRecordViewController.swift */; };
		146CE9961B98A715007D31B3 /* DonationRecordViewController.xib in Resources */ = {isa = PBXBuildFile; fileRef = 146CE9941B98A715007D31B3 /* DonationRecordViewController.xib */; };
		146CE9A31B98A79F007D31B3 /* ApplyMoneyRecordViewController.swift in Sources */ = {isa = PBXBuildFile; fileRef = 146CE9A11B98A79F007D31B3 /* ApplyMoneyRecordViewController.swift */; };
		146CE9A41B98A79F007D31B3 /* ApplyMoneyRecordViewController.xib in Resources */ = {isa = PBXBuildFile; fileRef = 146CE9A21B98A79F007D31B3 /* ApplyMoneyRecordViewController.xib */; };
		147389981B96950B0019C09E /* ProveMaterialCollectionViewCell.swift in Sources */ = {isa = PBXBuildFile; fileRef = 147389971B96950B0019C09E /* ProveMaterialCollectionViewCell.swift */; };
		1473899D1B96A4430019C09E /* ImageLoader.swift in Sources */ = {isa = PBXBuildFile; fileRef = 1473899C1B96A4430019C09E /* ImageLoader.swift */; };
		147389A01B96D88D0019C09E /* SJAvatarBrowser.m in Sources */ = {isa = PBXBuildFile; fileRef = 1473899F1B96D88D0019C09E /* SJAvatarBrowser.m */; };
		147389A41B9749CA0019C09E /* DonationInfoViewController.swift in Sources */ = {isa = PBXBuildFile; fileRef = 147389A31B9749CA0019C09E /* DonationInfoViewController.swift */; };
		147389A61B9759590019C09E /* AlipaySDK.framework in Frameworks */ = {isa = PBXBuildFile; fileRef = 147389A51B9759590019C09E /* AlipaySDK.framework */; };
		147389A81B9759600019C09E /* BmobPay.framework in Frameworks */ = {isa = PBXBuildFile; fileRef = 147389A71B9759600019C09E /* BmobPay.framework */; };
		147389AA1B9759650019C09E /* AlipaySDK.bundle in Resources */ = {isa = PBXBuildFile; fileRef = 147389A91B9759650019C09E /* AlipaySDK.bundle */; };
		147389AC1B9759830019C09E /* SystemConfiguration.framework in Frameworks */ = {isa = PBXBuildFile; fileRef = 147389AB1B9759830019C09E /* SystemConfiguration.framework */; };
		14AE95AB1B97DA130005E429 /* SelectPayMethodViewController.swift in Sources */ = {isa = PBXBuildFile; fileRef = 14AE95AA1B97DA130005E429 /* SelectPayMethodViewController.swift */; };
		14BBEFE41B84D7C300BFE4FE /* SwiftyJSON.framework in Frameworks */ = {isa = PBXBuildFile; fileRef = 14BBEFE31B84D7C300BFE4FE /* SwiftyJSON.framework */; };
		14BBEFE51B84D7C300BFE4FE /* SwiftyJSON.framework in Embed Frameworks */ = {isa = PBXBuildFile; fileRef = 14BBEFE31B84D7C300BFE4FE /* SwiftyJSON.framework */; settings = {ATTRIBUTES = (CodeSignOnCopy, RemoveHeadersOnCopy, ); }; };
		14D492171B952C3C00010EEC /* Project.swift in Sources */ = {isa = PBXBuildFile; fileRef = 14D492161B952C3C00010EEC /* Project.swift */; };
		14D601BD1B82DB0500283D96 /* Alamofire.framework in Frameworks */ = {isa = PBXBuildFile; fileRef = 14D601B61B82DAF000283D96 /* Alamofire.framework */; };
		14D601BE1B82DB0500283D96 /* Alamofire.framework in Embed Frameworks */ = {isa = PBXBuildFile; fileRef = 14D601B61B82DAF000283D96 /* Alamofire.framework */; settings = {ATTRIBUTES = (CodeSignOnCopy, RemoveHeadersOnCopy, ); }; };
		14DFB7091B8ECD3800F3AA1A /* LaunchThirdViewController.swift in Sources */ = {isa = PBXBuildFile; fileRef = 14DFB7081B8ECD3800F3AA1A /* LaunchThirdViewController.swift */; };
		14DFB70E1B8F51BD00F3AA1A /* DynamicPhotoCellCollectionViewCell.swift in Sources */ = {isa = PBXBuildFile; fileRef = 14DFB70D1B8F51BD00F3AA1A /* DynamicPhotoCellCollectionViewCell.swift */; };
		14E8E8B31B8D7F0400739112 /* IGLDropDownItem.m in Sources */ = {isa = PBXBuildFile; fileRef = 14E8E8B01B8D7F0400739112 /* IGLDropDownItem.m */; };
		14E8E8B41B8D7F0400739112 /* IGLDropDownMenu.m in Sources */ = {isa = PBXBuildFile; fileRef = 14E8E8B21B8D7F0400739112 /* IGLDropDownMenu.m */; };
		14E8E8B91B8D81C100739112 /* LaunchProjectViewController.swift in Sources */ = {isa = PBXBuildFile; fileRef = 14E8E8B81B8D81C100739112 /* LaunchProjectViewController.swift */; };
		14E8E8BB1B8E141B00739112 /* LauncherBasicInfoViewController.swift in Sources */ = {isa = PBXBuildFile; fileRef = 14E8E8BA1B8E141B00739112 /* LauncherBasicInfoViewController.swift */; };
		14FDEEC31B9A7D0C00FF73E4 /* Withdraw.swift in Sources */ = {isa = PBXBuildFile; fileRef = 14FDEEC21B9A7D0C00FF73E4 /* Withdraw.swift */; };
		14FDEF031B9AF0AC00FF73E4 /* FreeGeekCode.m in Sources */ = {isa = PBXBuildFile; fileRef = 14FDEECC1B9AF0AC00FF73E4 /* FreeGeekCode.m */; };
		14FDEF041B9AF0AC00FF73E4 /* FreeGeekSheet.m in Sources */ = {isa = PBXBuildFile; fileRef = 14FDEECE1B9AF0AC00FF73E4 /* FreeGeekSheet.m */; };
		14FDEF051B9AF0AC00FF73E4 /* GiftTalkSheetView.m in Sources */ = {isa = PBXBuildFile; fileRef = 14FDEED01B9AF0AC00FF73E4 /* GiftTalkSheetView.m */; };
		14FDEF061B9AF0AC00FF73E4 /* email.png in Resources */ = {isa = PBXBuildFile; fileRef = 14FDEED21B9AF0AC00FF73E4 /* email.png */; };
		14FDEF071B9AF0AC00FF73E4 /* logo.png in Resources */ = {isa = PBXBuildFile; fileRef = 14FDEED31B9AF0AC00FF73E4 /* logo.png */; };
		14FDEF081B9AF0AC00FF73E4 /* mark.png in Resources */ = {isa = PBXBuildFile; fileRef = 14FDEED41B9AF0AC00FF73E4 /* mark.png */; };
		14FDEF091B9AF0AC00FF73E4 /* musicImage.png in Resources */ = {isa = PBXBuildFile; fileRef = 14FDEED51B9AF0AC00FF73E4 /* musicImage.png */; };
		14FDEF0A1B9AF0AC00FF73E4 /* qq.png in Resources */ = {isa = PBXBuildFile; fileRef = 14FDEED61B9AF0AC00FF73E4 /* qq.png */; };
		14FDEF0B1B9AF0AC00FF73E4 /* qqzone.png in Resources */ = {isa = PBXBuildFile; fileRef = 14FDEED71B9AF0AC00FF73E4 /* qqzone.png */; };
		14FDEF0C1B9AF0AC00FF73E4 /* refresh.png in Resources */ = {isa = PBXBuildFile; fileRef = 14FDEED81B9AF0AC00FF73E4 /* refresh.png */; };
		14FDEF0D1B9AF0AC00FF73E4 /* renn.png in Resources */ = {isa = PBXBuildFile; fileRef = 14FDEED91B9AF0AC00FF73E4 /* renn.png */; };
		14FDEF0E1B9AF0AC00FF73E4 /* shot@2x.png in Resources */ = {isa = PBXBuildFile; fileRef = 14FDEEDA1B9AF0AC00FF73E4 /* shot@2x.png */; };
		14FDEF0F1B9AF0AC00FF73E4 /* sina.png in Resources */ = {isa = PBXBuildFile; fileRef = 14FDEEDB1B9AF0AC00FF73E4 /* sina.png */; };
		14FDEF101B9AF0AC00FF73E4 /* sms.png in Resources */ = {isa = PBXBuildFile; fileRef = 14FDEEDC1B9AF0AC00FF73E4 /* sms.png */; };
		14FDEF111B9AF0AC00FF73E4 /* tcwb.png in Resources */ = {isa = PBXBuildFile; fileRef = 14FDEEDD1B9AF0AC00FF73E4 /* tcwb.png */; };
		14FDEF121B9AF0AC00FF73E4 /* wechat.png in Resources */ = {isa = PBXBuildFile; fileRef = 14FDEEDE1B9AF0AC00FF73E4 /* wechat.png */; };
		14FDEF131B9AF0AC00FF73E4 /* wechatc.png in Resources */ = {isa = PBXBuildFile; fileRef = 14FDEEDF1B9AF0AC00FF73E4 /* wechatc.png */; };
		14FDEF141B9AF0AC00FF73E4 /* wechatf.png in Resources */ = {isa = PBXBuildFile; fileRef = 14FDEEE01B9AF0AC00FF73E4 /* wechatf.png */; };
		14FDEF151B9AF0AC00FF73E4 /* TencentOpenAPI.framework in Frameworks */ = {isa = PBXBuildFile; fileRef = 14FDEEE21B9AF0AC00FF73E4 /* TencentOpenAPI.framework */; };
		14FDEF161B9AF0AC00FF73E4 /* TencentOpenApi_IOS_Bundle.bundle in Resources */ = {isa = PBXBuildFile; fileRef = 14FDEEE31B9AF0AC00FF73E4 /* TencentOpenApi_IOS_Bundle.bundle */; };
		14FDEF171B9AF0AC00FF73E4 /* libShareComponent.a in Frameworks */ = {isa = PBXBuildFile; fileRef = 14FDEEE51B9AF0AC00FF73E4 /* libShareComponent.a */; };
		14FDEF181B9AF0AC00FF73E4 /* RennSDK.bundle in Resources */ = {isa = PBXBuildFile; fileRef = 14FDEEE61B9AF0AC00FF73E4 /* RennSDK.bundle */; };
		14FDEF191B9AF0AC00FF73E4 /* RennSDK.framework in Frameworks */ = {isa = PBXBuildFile; fileRef = 14FDEEE71B9AF0AC00FF73E4 /* RennSDK.framework */; };
		14FDEF1A1B9AF0AC00FF73E4 /* libWeChatSDK.a in Frameworks */ = {isa = PBXBuildFile; fileRef = 14FDEEEA1B9AF0AC00FF73E4 /* libWeChatSDK.a */; };
		14FDEF1B1B9AF0AC00FF73E4 /* ScreenShot.bundle in Resources */ = {isa = PBXBuildFile; fileRef = 14FDEEEE1B9AF0AC00FF73E4 /* ScreenShot.bundle */; };
		14FDEF1C1B9AF0AC00FF73E4 /* ScreenShot.framework in Frameworks */ = {isa = PBXBuildFile; fileRef = 14FDEEEF1B9AF0AC00FF73E4 /* ScreenShot.framework */; };
		14FDEF1D1B9AF0AC00FF73E4 /* libWeiboSDK.a in Frameworks */ = {isa = PBXBuildFile; fileRef = 14FDEEF11B9AF0AC00FF73E4 /* libWeiboSDK.a */; };
		14FDEF1E1B9AF0AC00FF73E4 /* WeiboSDK.bundle in Resources */ = {isa = PBXBuildFile; fileRef = 14FDEEF91B9AF0AC00FF73E4 /* WeiboSDK.bundle */; };
		14FDEF1F1B9AF0AC00FF73E4 /* libTCWeiboSDK.a in Frameworks */ = {isa = PBXBuildFile; fileRef = 14FDEEFD1B9AF0AC00FF73E4 /* libTCWeiboSDK.a */; };
		14FDEF201B9AF0AC00FF73E4 /* YouTuiSDK.a in Frameworks */ = {isa = PBXBuildFile; fileRef = 14FDEF011B9AF0AC00FF73E4 /* YouTuiSDK.a */; };
		14FDEF251B9AF0FB00FF73E4 /* Social.framework in Frameworks */ = {isa = PBXBuildFile; fileRef = 14FDEF241B9AF0FB00FF73E4 /* Social.framework */; };
		14FDEF271B9AF10A00FF73E4 /* Accounts.framework in Frameworks */ = {isa = PBXBuildFile; fileRef = 14FDEF261B9AF10A00FF73E4 /* Accounts.framework */; };
		14FDEF291B9AF11600FF73E4 /* CoreTelephony.framework in Frameworks */ = {isa = PBXBuildFile; fileRef = 14FDEF281B9AF11600FF73E4 /* CoreTelephony.framework */; };
		14FDEF2B1B9AF12000FF73E4 /* ImageIO.framework in Frameworks */ = {isa = PBXBuildFile; fileRef = 14FDEF2A1B9AF12000FF73E4 /* ImageIO.framework */; };
		14FDEF2D1B9AF12F00FF73E4 /* libstdc++.dylib in Frameworks */ = {isa = PBXBuildFile; fileRef = 14FDEF2C1B9AF12F00FF73E4 /* libstdc++.dylib */; };
		14FDEF2F1B9AF14000FF73E4 /* libsqlite3.dylib in Frameworks */ = {isa = PBXBuildFile; fileRef = 14FDEF2E1B9AF14000FF73E4 /* libsqlite3.dylib */; };
		14FDEF311B9AF14B00FF73E4 /* libz.dylib in Frameworks */ = {isa = PBXBuildFile; fileRef = 14FDEF301B9AF14B00FF73E4 /* libz.dylib */; };
/* End PBXBuildFile section */

/* Begin PBXContainerItemProxy section */
		14580BEA1B80DCC20023D2CE /* PBXContainerItemProxy */ = {
			isa = PBXContainerItemProxy;
			containerPortal = 14580BC91B80DCC20023D2CE /* Project object */;
			proxyType = 1;
			remoteGlobalIDString = 14580BD01B80DCC20023D2CE;
			remoteInfo = P2PCharity;
		};
		14D601B51B82DAF000283D96 /* PBXContainerItemProxy */ = {
			isa = PBXContainerItemProxy;
			containerPortal = 14D601AE1B82DAF000283D96 /* Alamofire.xcodeproj */;
			proxyType = 2;
			remoteGlobalIDString = F8111E3319A95C8B0040E7D1;
			remoteInfo = "Alamofire iOS";
		};
		14D601B71B82DAF000283D96 /* PBXContainerItemProxy */ = {
			isa = PBXContainerItemProxy;
			containerPortal = 14D601AE1B82DAF000283D96 /* Alamofire.xcodeproj */;
			proxyType = 2;
			remoteGlobalIDString = 4DD67C0B1A5C55C900ED2280;
			remoteInfo = "Alamofire OSX";
		};
		14D601B91B82DAF000283D96 /* PBXContainerItemProxy */ = {
			isa = PBXContainerItemProxy;
			containerPortal = 14D601AE1B82DAF000283D96 /* Alamofire.xcodeproj */;
			proxyType = 2;
			remoteGlobalIDString = F8111E3E19A95C8B0040E7D1;
			remoteInfo = "Alamofire iOS Tests";
		};
		14D601BB1B82DAF000283D96 /* PBXContainerItemProxy */ = {
			isa = PBXContainerItemProxy;
			containerPortal = 14D601AE1B82DAF000283D96 /* Alamofire.xcodeproj */;
			proxyType = 2;
			remoteGlobalIDString = F829C6B21A7A94F100A2CD59;
			remoteInfo = "Alamofire OSX Tests";
		};
		14D601BF1B82DB0500283D96 /* PBXContainerItemProxy */ = {
			isa = PBXContainerItemProxy;
			containerPortal = 14D601AE1B82DAF000283D96 /* Alamofire.xcodeproj */;
			proxyType = 1;
			remoteGlobalIDString = F8111E3219A95C8B0040E7D1;
			remoteInfo = "Alamofire iOS";
		};
/* End PBXContainerItemProxy section */

/* Begin PBXCopyFilesBuildPhase section */
		14580C1B1B80DF750023D2CE /* Embed Frameworks */ = {
			isa = PBXCopyFilesBuildPhase;
			buildActionMask = 2147483647;
			dstPath = "";
			dstSubfolderSpec = 10;
			files = (
				14BBEFE51B84D7C300BFE4FE /* SwiftyJSON.framework in Embed Frameworks */,
				14D601BE1B82DB0500283D96 /* Alamofire.framework in Embed Frameworks */,
			);
			name = "Embed Frameworks";
			runOnlyForDeploymentPostprocessing = 0;
		};
/* End PBXCopyFilesBuildPhase section */

/* Begin PBXFileReference section */
		1409E1C71B935BFA00C6C314 /* NearsProjectViewController.swift */ = {isa = PBXFileReference; fileEncoding = 4; lastKnownFileType = sourcecode.swift; path = NearsProjectViewController.swift; sourceTree = "<group>"; };
		1409E1C81B935BFA00C6C314 /* NearsProjectViewController.xib */ = {isa = PBXFileReference; fileEncoding = 4; lastKnownFileType = file.xib; path = NearsProjectViewController.xib; sourceTree = "<group>"; };
		140A2C9C1B875243000C1E81 /* User.swift */ = {isa = PBXFileReference; fileEncoding = 4; lastKnownFileType = sourcecode.swift; path = User.swift; sourceTree = "<group>"; };
		140CA0081B8B057300D83DB5 /* ProjectDetailViewController.swift */ = {isa = PBXFileReference; fileEncoding = 4; lastKnownFileType = sourcecode.swift; path = ProjectDetailViewController.swift; sourceTree = "<group>"; };
		141969B21BA0203E00B23F1B /* EditNickViewController.swift */ = {isa = PBXFileReference; fileEncoding = 4; lastKnownFileType = sourcecode.swift; path = EditNickViewController.swift; sourceTree = "<group>"; };
		14215C831B9401180066FF1D /* ProjectTableViewCell.xib */ = {isa = PBXFileReference; fileEncoding = 4; lastKnownFileType = file.xib; path = ProjectTableViewCell.xib; sourceTree = "<group>"; };
		14215C8A1B9409640066FF1D /* AllProjectViewController.swift */ = {isa = PBXFileReference; fileEncoding = 4; lastKnownFileType = sourcecode.swift; path = AllProjectViewController.swift; sourceTree = "<group>"; };
		14215C8B1B9409640066FF1D /* AllProjectViewController.xib */ = {isa = PBXFileReference; fileEncoding = 4; lastKnownFileType = file.xib; path = AllProjectViewController.xib; sourceTree = "<group>"; };
		14215C901B9477A00066FF1D /* MJRefreshAutoFooter.h */ = {isa = PBXFileReference; fileEncoding = 4; lastKnownFileType = sourcecode.c.h; path = MJRefreshAutoFooter.h; sourceTree = "<group>"; };
		14215C911B9477A00066FF1D /* MJRefreshAutoFooter.m */ = {isa = PBXFileReference; fileEncoding = 4; lastKnownFileType = sourcecode.c.objc; path = MJRefreshAutoFooter.m; sourceTree = "<group>"; };
		14215C921B9477A00066FF1D /* MJRefreshBackFooter.h */ = {isa = PBXFileReference; fileEncoding = 4; lastKnownFileType = sourcecode.c.h; path = MJRefreshBackFooter.h; sourceTree = "<group>"; };
		14215C931B9477A00066FF1D /* MJRefreshBackFooter.m */ = {isa = PBXFileReference; fileEncoding = 4; lastKnownFileType = sourcecode.c.objc; path = MJRefreshBackFooter.m; sourceTree = "<group>"; };
		14215C941B9477A00066FF1D /* MJRefreshComponent.h */ = {isa = PBXFileReference; fileEncoding = 4; lastKnownFileType = sourcecode.c.h; path = MJRefreshComponent.h; sourceTree = "<group>"; };
		14215C951B9477A00066FF1D /* MJRefreshComponent.m */ = {isa = PBXFileReference; fileEncoding = 4; lastKnownFileType = sourcecode.c.objc; path = MJRefreshComponent.m; sourceTree = "<group>"; };
		14215C961B9477A00066FF1D /* MJRefreshFooter.h */ = {isa = PBXFileReference; fileEncoding = 4; lastKnownFileType = sourcecode.c.h; path = MJRefreshFooter.h; sourceTree = "<group>"; };
		14215C971B9477A00066FF1D /* MJRefreshFooter.m */ = {isa = PBXFileReference; fileEncoding = 4; lastKnownFileType = sourcecode.c.objc; path = MJRefreshFooter.m; sourceTree = "<group>"; };
		14215C981B9477A00066FF1D /* MJRefreshHeader.h */ = {isa = PBXFileReference; fileEncoding = 4; lastKnownFileType = sourcecode.c.h; path = MJRefreshHeader.h; sourceTree = "<group>"; };
		14215C991B9477A00066FF1D /* MJRefreshHeader.m */ = {isa = PBXFileReference; fileEncoding = 4; lastKnownFileType = sourcecode.c.objc; path = MJRefreshHeader.m; sourceTree = "<group>"; };
		14215C9D1B9477A00066FF1D /* MJRefreshAutoGifFooter.h */ = {isa = PBXFileReference; fileEncoding = 4; lastKnownFileType = sourcecode.c.h; path = MJRefreshAutoGifFooter.h; sourceTree = "<group>"; };
		14215C9E1B9477A00066FF1D /* MJRefreshAutoGifFooter.m */ = {isa = PBXFileReference; fileEncoding = 4; lastKnownFileType = sourcecode.c.objc; path = MJRefreshAutoGifFooter.m; sourceTree = "<group>"; };
		14215C9F1B9477A00066FF1D /* MJRefreshAutoNormalFooter.h */ = {isa = PBXFileReference; fileEncoding = 4; lastKnownFileType = sourcecode.c.h; path = MJRefreshAutoNormalFooter.h; sourceTree = "<group>"; };
		14215CA01B9477A00066FF1D /* MJRefreshAutoNormalFooter.m */ = {isa = PBXFileReference; fileEncoding = 4; lastKnownFileType = sourcecode.c.objc; path = MJRefreshAutoNormalFooter.m; sourceTree = "<group>"; };
		14215CA11B9477A00066FF1D /* MJRefreshAutoStateFooter.h */ = {isa = PBXFileReference; fileEncoding = 4; lastKnownFileType = sourcecode.c.h; path = MJRefreshAutoStateFooter.h; sourceTree = "<group>"; };
		14215CA21B9477A00066FF1D /* MJRefreshAutoStateFooter.m */ = {isa = PBXFileReference; fileEncoding = 4; lastKnownFileType = sourcecode.c.objc; path = MJRefreshAutoStateFooter.m; sourceTree = "<group>"; };
		14215CA41B9477A00066FF1D /* MJRefreshBackGifFooter.h */ = {isa = PBXFileReference; fileEncoding = 4; lastKnownFileType = sourcecode.c.h; path = MJRefreshBackGifFooter.h; sourceTree = "<group>"; };
		14215CA51B9477A00066FF1D /* MJRefreshBackGifFooter.m */ = {isa = PBXFileReference; fileEncoding = 4; lastKnownFileType = sourcecode.c.objc; path = MJRefreshBackGifFooter.m; sourceTree = "<group>"; };
		14215CA61B9477A00066FF1D /* MJRefreshBackNormalFooter.h */ = {isa = PBXFileReference; fileEncoding = 4; lastKnownFileType = sourcecode.c.h; path = MJRefreshBackNormalFooter.h; sourceTree = "<group>"; };
		14215CA71B9477A00066FF1D /* MJRefreshBackNormalFooter.m */ = {isa = PBXFileReference; fileEncoding = 4; lastKnownFileType = sourcecode.c.objc; path = MJRefreshBackNormalFooter.m; sourceTree = "<group>"; };
		14215CA81B9477A00066FF1D /* MJRefreshBackStateFooter.h */ = {isa = PBXFileReference; fileEncoding = 4; lastKnownFileType = sourcecode.c.h; path = MJRefreshBackStateFooter.h; sourceTree = "<group>"; };
		14215CA91B9477A00066FF1D /* MJRefreshBackStateFooter.m */ = {isa = PBXFileReference; fileEncoding = 4; lastKnownFileType = sourcecode.c.objc; path = MJRefreshBackStateFooter.m; sourceTree = "<group>"; };
		14215CAB1B9477A00066FF1D /* MJRefreshGifHeader.h */ = {isa = PBXFileReference; fileEncoding = 4; lastKnownFileType = sourcecode.c.h; path = MJRefreshGifHeader.h; sourceTree = "<group>"; };
		14215CAC1B9477A00066FF1D /* MJRefreshGifHeader.m */ = {isa = PBXFileReference; fileEncoding = 4; lastKnownFileType = sourcecode.c.objc; path = MJRefreshGifHeader.m; sourceTree = "<group>"; };
		14215CAD1B9477A00066FF1D /* MJRefreshNormalHeader.h */ = {isa = PBXFileReference; fileEncoding = 4; lastKnownFileType = sourcecode.c.h; path = MJRefreshNormalHeader.h; sourceTree = "<group>"; };
		14215CAE1B9477A00066FF1D /* MJRefreshNormalHeader.m */ = {isa = PBXFileReference; fileEncoding = 4; lastKnownFileType = sourcecode.c.objc; path = MJRefreshNormalHeader.m; sourceTree = "<group>"; };
		14215CAF1B9477A00066FF1D /* MJRefreshStateHeader.h */ = {isa = PBXFileReference; fileEncoding = 4; lastKnownFileType = sourcecode.c.h; path = MJRefreshStateHeader.h; sourceTree = "<group>"; };
		14215CB01B9477A00066FF1D /* MJRefreshStateHeader.m */ = {isa = PBXFileReference; fileEncoding = 4; lastKnownFileType = sourcecode.c.objc; path = MJRefreshStateHeader.m; sourceTree = "<group>"; };
		14215CB11B9477A00066FF1D /* MJRefresh.bundle */ = {isa = PBXFileReference; lastKnownFileType = "wrapper.plug-in"; path = MJRefresh.bundle; sourceTree = "<group>"; };
		14215CB21B9477A00066FF1D /* MJRefresh.h */ = {isa = PBXFileReference; fileEncoding = 4; lastKnownFileType = sourcecode.c.h; path = MJRefresh.h; sourceTree = "<group>"; };
		14215CB31B9477A00066FF1D /* MJRefreshConst.h */ = {isa = PBXFileReference; fileEncoding = 4; lastKnownFileType = sourcecode.c.h; path = MJRefreshConst.h; sourceTree = "<group>"; };
		14215CB41B9477A00066FF1D /* MJRefreshConst.m */ = {isa = PBXFileReference; fileEncoding = 4; lastKnownFileType = sourcecode.c.objc; path = MJRefreshConst.m; sourceTree = "<group>"; };
		14215CB51B9477A00066FF1D /* UIScrollView+MJExtension.h */ = {isa = PBXFileReference; fileEncoding = 4; lastKnownFileType = sourcecode.c.h; path = "UIScrollView+MJExtension.h"; sourceTree = "<group>"; };
		14215CB61B9477A00066FF1D /* UIScrollView+MJExtension.m */ = {isa = PBXFileReference; fileEncoding = 4; lastKnownFileType = sourcecode.c.objc; path = "UIScrollView+MJExtension.m"; sourceTree = "<group>"; };
		14215CB71B9477A00066FF1D /* UIScrollView+MJRefresh.h */ = {isa = PBXFileReference; fileEncoding = 4; lastKnownFileType = sourcecode.c.h; path = "UIScrollView+MJRefresh.h"; sourceTree = "<group>"; };
		14215CB81B9477A00066FF1D /* UIScrollView+MJRefresh.m */ = {isa = PBXFileReference; fileEncoding = 4; lastKnownFileType = sourcecode.c.objc; path = "UIScrollView+MJRefresh.m"; sourceTree = "<group>"; };
		14215CB91B9477A00066FF1D /* UIView+MJExtension.h */ = {isa = PBXFileReference; fileEncoding = 4; lastKnownFileType = sourcecode.c.h; path = "UIView+MJExtension.h"; sourceTree = "<group>"; };
		14215CBA1B9477A00066FF1D /* UIView+MJExtension.m */ = {isa = PBXFileReference; fileEncoding = 4; lastKnownFileType = sourcecode.c.objc; path = "UIView+MJExtension.m"; sourceTree = "<group>"; };
		1427B2171B82EAC300FDBCBB /* P2PCharity-Bridging-Header.h */ = {isa = PBXFileReference; lastKnownFileType = sourcecode.c.h; path = "P2PCharity-Bridging-Header.h"; sourceTree = "<group>"; };
		1427B21E1B82EC0000FDBCBB /* QuartzCore.framework */ = {isa = PBXFileReference; lastKnownFileType = wrapper.framework; name = QuartzCore.framework; path = System/Library/Frameworks/QuartzCore.framework; sourceTree = SDKROOT; };
		1427B2211B82EC2B00FDBCBB /* CoreGraphics.framework */ = {isa = PBXFileReference; lastKnownFileType = wrapper.framework; name = CoreGraphics.framework; path = System/Library/Frameworks/CoreGraphics.framework; sourceTree = SDKROOT; };
		142B37EE1B80E992008F061F /* RegisterViewController.swift */ = {isa = PBXFileReference; fileEncoding = 4; lastKnownFileType = sourcecode.swift; path = RegisterViewController.swift; sourceTree = "<group>"; };
		14329A731B99256F00465DF2 /* DonationRecordTableViewCell.swift */ = {isa = PBXFileReference; fileEncoding = 4; lastKnownFileType = sourcecode.swift; path = DonationRecordTableViewCell.swift; sourceTree = "<group>"; };
		14329A741B99256F00465DF2 /* DonationRecordTableViewCell.xib */ = {isa = PBXFileReference; fileEncoding = 4; lastKnownFileType = file.xib; path = DonationRecordTableViewCell.xib; sourceTree = "<group>"; };
		14329A7C1B99279F00465DF2 /* ApplyProjectRecordTableViewCellTableViewCell.swift */ = {isa = PBXFileReference; fileEncoding = 4; lastKnownFileType = sourcecode.swift; name = ApplyProjectRecordTableViewCellTableViewCell.swift; path = ../ApplyProjectRecordTableViewCellTableViewCell.swift; sourceTree = "<group>"; };
		14329A7D1B99279F00465DF2 /* ApplyProjectRecordTableViewCellTableViewCell.xib */ = {isa = PBXFileReference; fileEncoding = 4; lastKnownFileType = file.xib; name = ApplyProjectRecordTableViewCellTableViewCell.xib; path = ../ApplyProjectRecordTableViewCellTableViewCell.xib; sourceTree = "<group>"; };
		14329A801B99286000465DF2 /* ApplyProjectRecordViewController.swift */ = {isa = PBXFileReference; fileEncoding = 4; lastKnownFileType = sourcecode.swift; path = ApplyProjectRecordViewController.swift; sourceTree = "<group>"; };
		14329A811B99286000465DF2 /* ApplyProjectRecordViewController.xib */ = {isa = PBXFileReference; fileEncoding = 4; lastKnownFileType = file.xib; path = ApplyProjectRecordViewController.xib; sourceTree = "<group>"; };
		14329A861B9928DA00465DF2 /* DonationRecordViewController.swift */ = {isa = PBXFileReference; fileEncoding = 4; lastKnownFileType = sourcecode.swift; path = DonationRecordViewController.swift; sourceTree = "<group>"; };
		14329A881B99328000465DF2 /* ApplyMoneyRecordTableViewCell.swift */ = {isa = PBXFileReference; fileEncoding = 4; lastKnownFileType = sourcecode.swift; path = ApplyMoneyRecordTableViewCell.swift; sourceTree = "<group>"; };
		14329A891B99328000465DF2 /* ApplyMoneyRecordTableViewCell.xib */ = {isa = PBXFileReference; fileEncoding = 4; lastKnownFileType = file.xib; path = ApplyMoneyRecordTableViewCell.xib; sourceTree = "<group>"; };
		14329A8C1B99342800465DF2 /* Donation.swift */ = {isa = PBXFileReference; fileEncoding = 4; lastKnownFileType = sourcecode.swift; path = Donation.swift; sourceTree = "<group>"; };
		14329A901B99CD4B00465DF2 /* ApplyForMoneyViewController.swift */ = {isa = PBXFileReference; fileEncoding = 4; lastKnownFileType = sourcecode.swift; path = ApplyForMoneyViewController.swift; sourceTree = "<group>"; };
		144A9D0A1B9FDEC6005C3A22 /* RMParallax.swift */ = {isa = PBXFileReference; fileEncoding = 4; lastKnownFileType = sourcecode.swift; path = RMParallax.swift; sourceTree = "<group>"; };
		144A9D0B1B9FDEC6005C3A22 /* RMParallaxItem.swift */ = {isa = PBXFileReference; fileEncoding = 4; lastKnownFileType = sourcecode.swift; path = RMParallaxItem.swift; sourceTree = "<group>"; };
		144A9D0E1B9FE1E8005C3A22 /* FirstNaviViewController.swift */ = {isa = PBXFileReference; fileEncoding = 4; lastKnownFileType = sourcecode.swift; path = FirstNaviViewController.swift; sourceTree = "<group>"; };
		144A9D101B9FE2F8005C3A22 /* TabBarViewController.swift */ = {isa = PBXFileReference; fileEncoding = 4; lastKnownFileType = sourcecode.swift; path = TabBarViewController.swift; sourceTree = "<group>"; };
		144A9D161B9FEB31005C3A22 /* ExpandNSObject.swift */ = {isa = PBXFileReference; fileEncoding = 4; lastKnownFileType = sourcecode.swift; path = ExpandNSObject.swift; sourceTree = "<group>"; };
		14580BD11B80DCC20023D2CE /* P2PCharity.app */ = {isa = PBXFileReference; explicitFileType = wrapper.application; includeInIndex = 0; path = P2PCharity.app; sourceTree = BUILT_PRODUCTS_DIR; };
		14580BD51B80DCC20023D2CE /* Info.plist */ = {isa = PBXFileReference; lastKnownFileType = text.plist.xml; path = Info.plist; sourceTree = "<group>"; };
		14580BD61B80DCC20023D2CE /* AppDelegate.swift */ = {isa = PBXFileReference; lastKnownFileType = sourcecode.swift; path = AppDelegate.swift; sourceTree = "<group>"; };
		14580BD91B80DCC20023D2CE /* P2PCharity.xcdatamodel */ = {isa = PBXFileReference; lastKnownFileType = wrapper.xcdatamodel; path = P2PCharity.xcdatamodel; sourceTree = "<group>"; };
		14580BDB1B80DCC20023D2CE /* ViewController.swift */ = {isa = PBXFileReference; lastKnownFileType = sourcecode.swift; path = ViewController.swift; sourceTree = "<group>"; };
		14580BE01B80DCC20023D2CE /* Images.xcassets */ = {isa = PBXFileReference; lastKnownFileType = folder.assetcatalog; path = Images.xcassets; sourceTree = "<group>"; };
		14580BE31B80DCC20023D2CE /* Base */ = {isa = PBXFileReference; lastKnownFileType = file.xib; name = Base; path = Base.lproj/LaunchScreen.xib; sourceTree = "<group>"; };
		14580BE91B80DCC20023D2CE /* P2PCharityTests.xctest */ = {isa = PBXFileReference; explicitFileType = wrapper.cfbundle; includeInIndex = 0; path = P2PCharityTests.xctest; sourceTree = BUILT_PRODUCTS_DIR; };
		14580BEE1B80DCC20023D2CE /* Info.plist */ = {isa = PBXFileReference; lastKnownFileType = text.plist.xml; path = Info.plist; sourceTree = "<group>"; };
		14580BEF1B80DCC20023D2CE /* P2PCharityTests.swift */ = {isa = PBXFileReference; lastKnownFileType = sourcecode.swift; path = P2PCharityTests.swift; sourceTree = "<group>"; };
		14580C1C1B80E03B0023D2CE /* LoginViewController.swift */ = {isa = PBXFileReference; fileEncoding = 4; lastKnownFileType = sourcecode.swift; path = LoginViewController.swift; sourceTree = "<group>"; };
		14580C1E1B80E04A0023D2CE /* applyAuthenticationViewController.swift */ = {isa = PBXFileReference; fileEncoding = 4; lastKnownFileType = sourcecode.swift; path = applyAuthenticationViewController.swift; sourceTree = "<group>"; };
		14580C1F1B80E04A0023D2CE /* ProfileTableViewCell.swift */ = {isa = PBXFileReference; fileEncoding = 4; lastKnownFileType = sourcecode.swift; path = ProfileTableViewCell.swift; sourceTree = "<group>"; };
		14580C201B80E04A0023D2CE /* ProfileViewController.swift */ = {isa = PBXFileReference; fileEncoding = 4; lastKnownFileType = sourcecode.swift; path = ProfileViewController.swift; sourceTree = "<group>"; };
		14580C211B80E04A0023D2CE /* ProjectTableViewCell.swift */ = {isa = PBXFileReference; fileEncoding = 4; lastKnownFileType = sourcecode.swift; path = ProjectTableViewCell.swift; sourceTree = "<group>"; };
		14580C221B80E04A0023D2CE /* ProjectViewController.swift */ = {isa = PBXFileReference; fileEncoding = 4; lastKnownFileType = sourcecode.swift; path = ProjectViewController.swift; sourceTree = "<group>"; };
		14580C281B80E0610023D2CE /* Main.storyboard */ = {isa = PBXFileReference; fileEncoding = 4; lastKnownFileType = file.storyboard; path = Main.storyboard; sourceTree = "<group>"; };
		146023241B9EA7650079ED6A /* MyFocusViewController.swift */ = {isa = PBXFileReference; fileEncoding = 4; lastKnownFileType = sourcecode.swift; path = MyFocusViewController.swift; sourceTree = "<group>"; };
		146023291B9EC83B0079ED6A /* MycardViewController.swift */ = {isa = PBXFileReference; fileEncoding = 4; lastKnownFileType = sourcecode.swift; path = MycardViewController.swift; sourceTree = "<group>"; };
		1460232B1B9F14610079ED6A /* CHTCollectionViewWaterfallLayout.h */ = {isa = PBXFileReference; fileEncoding = 4; lastKnownFileType = sourcecode.c.h; path = CHTCollectionViewWaterfallLayout.h; sourceTree = "<group>"; };
		1460232C1B9F14610079ED6A /* CHTCollectionViewWaterfallLayout.m */ = {isa = PBXFileReference; fileEncoding = 4; lastKnownFileType = sourcecode.c.objc; path = CHTCollectionViewWaterfallLayout.m; sourceTree = "<group>"; };
		146023301B9F15170079ED6A /* ProjectCollectionViewCellCollectionViewCell.swift */ = {isa = PBXFileReference; fileEncoding = 4; lastKnownFileType = sourcecode.swift; path = ProjectCollectionViewCellCollectionViewCell.swift; sourceTree = "<group>"; };
		146023311B9F15170079ED6A /* ProjectCollectionViewCellCollectionViewCell.xib */ = {isa = PBXFileReference; fileEncoding = 4; lastKnownFileType = file.xib; path = ProjectCollectionViewCellCollectionViewCell.xib; sourceTree = "<group>"; };
		146134A81B90BB36003382AA /* CoreLocation.framework */ = {isa = PBXFileReference; lastKnownFileType = wrapper.framework; name = CoreLocation.framework; path = System/Library/Frameworks/CoreLocation.framework; sourceTree = SDKROOT; };
		146CE9911B98A3D5007D31B3 /* MyRecordViewController.swift */ = {isa = PBXFileReference; fileEncoding = 4; lastKnownFileType = sourcecode.swift; path = MyRecordViewController.swift; sourceTree = "<group>"; };
		146CE9941B98A715007D31B3 /* DonationRecordViewController.xib */ = {isa = PBXFileReference; fileEncoding = 4; lastKnownFileType = file.xib; path = DonationRecordViewController.xib; sourceTree = "<group>"; };
		146CE9A11B98A79F007D31B3 /* ApplyMoneyRecordViewController.swift */ = {isa = PBXFileReference; fileEncoding = 4; lastKnownFileType = sourcecode.swift; path = ApplyMoneyRecordViewController.swift; sourceTree = "<group>"; };
		146CE9A21B98A79F007D31B3 /* ApplyMoneyRecordViewController.xib */ = {isa = PBXFileReference; fileEncoding = 4; lastKnownFileType = file.xib; path = ApplyMoneyRecordViewController.xib; sourceTree = "<group>"; };
		147389971B96950B0019C09E /* ProveMaterialCollectionViewCell.swift */ = {isa = PBXFileReference; fileEncoding = 4; lastKnownFileType = sourcecode.swift; path = ProveMaterialCollectionViewCell.swift; sourceTree = "<group>"; };
		1473899C1B96A4430019C09E /* ImageLoader.swift */ = {isa = PBXFileReference; fileEncoding = 4; lastKnownFileType = sourcecode.swift; path = ImageLoader.swift; sourceTree = "<group>"; };
		1473899E1B96D88D0019C09E /* SJAvatarBrowser.h */ = {isa = PBXFileReference; fileEncoding = 4; lastKnownFileType = sourcecode.c.h; path = SJAvatarBrowser.h; sourceTree = "<group>"; };
		1473899F1B96D88D0019C09E /* SJAvatarBrowser.m */ = {isa = PBXFileReference; fileEncoding = 4; lastKnownFileType = sourcecode.c.objc; path = SJAvatarBrowser.m; sourceTree = "<group>"; };
		147389A31B9749CA0019C09E /* DonationInfoViewController.swift */ = {isa = PBXFileReference; fileEncoding = 4; lastKnownFileType = sourcecode.swift; name = DonationInfoViewController.swift; path = ../DonationInfoViewController.swift; sourceTree = "<group>"; };
		147389A51B9759590019C09E /* AlipaySDK.framework */ = {isa = PBXFileReference; lastKnownFileType = wrapper.framework; path = AlipaySDK.framework; sourceTree = "<group>"; };
		147389A71B9759600019C09E /* BmobPay.framework */ = {isa = PBXFileReference; lastKnownFileType = wrapper.framework; path = BmobPay.framework; sourceTree = "<group>"; };
		147389A91B9759650019C09E /* AlipaySDK.bundle */ = {isa = PBXFileReference; lastKnownFileType = "wrapper.plug-in"; path = AlipaySDK.bundle; sourceTree = "<group>"; };
		147389AB1B9759830019C09E /* SystemConfiguration.framework */ = {isa = PBXFileReference; lastKnownFileType = wrapper.framework; name = SystemConfiguration.framework; path = System/Library/Frameworks/SystemConfiguration.framework; sourceTree = SDKROOT; };
		14AE95AA1B97DA130005E429 /* SelectPayMethodViewController.swift */ = {isa = PBXFileReference; fileEncoding = 4; lastKnownFileType = sourcecode.swift; path = SelectPayMethodViewController.swift; sourceTree = "<group>"; };
		14BBEFE31B84D7C300BFE4FE /* SwiftyJSON.framework */ = {isa = PBXFileReference; lastKnownFileType = wrapper.framework; name = SwiftyJSON.framework; path = Carthage/Build/iOS/SwiftyJSON.framework; sourceTree = "<group>"; };
		14D492161B952C3C00010EEC /* Project.swift */ = {isa = PBXFileReference; fileEncoding = 4; lastKnownFileType = sourcecode.swift; path = Project.swift; sourceTree = "<group>"; };
		14D601AE1B82DAF000283D96 /* Alamofire.xcodeproj */ = {isa = PBXFileReference; lastKnownFileType = "wrapper.pb-project"; name = Alamofire.xcodeproj; path = Alamofire/Alamofire.xcodeproj; sourceTree = "<group>"; };
		14DFB7081B8ECD3800F3AA1A /* LaunchThirdViewController.swift */ = {isa = PBXFileReference; fileEncoding = 4; lastKnownFileType = sourcecode.swift; path = LaunchThirdViewController.swift; sourceTree = "<group>"; };
		14DFB70D1B8F51BD00F3AA1A /* DynamicPhotoCellCollectionViewCell.swift */ = {isa = PBXFileReference; fileEncoding = 4; lastKnownFileType = sourcecode.swift; path = DynamicPhotoCellCollectionViewCell.swift; sourceTree = "<group>"; };
		14E8E8AF1B8D7F0400739112 /* IGLDropDownItem.h */ = {isa = PBXFileReference; fileEncoding = 4; lastKnownFileType = sourcecode.c.h; path = IGLDropDownItem.h; sourceTree = "<group>"; };
		14E8E8B01B8D7F0400739112 /* IGLDropDownItem.m */ = {isa = PBXFileReference; fileEncoding = 4; lastKnownFileType = sourcecode.c.objc; path = IGLDropDownItem.m; sourceTree = "<group>"; };
		14E8E8B11B8D7F0400739112 /* IGLDropDownMenu.h */ = {isa = PBXFileReference; fileEncoding = 4; lastKnownFileType = sourcecode.c.h; path = IGLDropDownMenu.h; sourceTree = "<group>"; };
		14E8E8B21B8D7F0400739112 /* IGLDropDownMenu.m */ = {isa = PBXFileReference; fileEncoding = 4; lastKnownFileType = sourcecode.c.objc; path = IGLDropDownMenu.m; sourceTree = "<group>"; };
		14E8E8B81B8D81C100739112 /* LaunchProjectViewController.swift */ = {isa = PBXFileReference; fileEncoding = 4; lastKnownFileType = sourcecode.swift; path = LaunchProjectViewController.swift; sourceTree = "<group>"; };
		14E8E8BA1B8E141B00739112 /* LauncherBasicInfoViewController.swift */ = {isa = PBXFileReference; fileEncoding = 4; lastKnownFileType = sourcecode.swift; path = LauncherBasicInfoViewController.swift; sourceTree = "<group>"; };
		14FDEEC21B9A7D0C00FF73E4 /* Withdraw.swift */ = {isa = PBXFileReference; fileEncoding = 4; lastKnownFileType = sourcecode.swift; path = Withdraw.swift; sourceTree = "<group>"; };
		14FDEECB1B9AF0AC00FF73E4 /* FreeGeekCode.h */ = {isa = PBXFileReference; fileEncoding = 4; lastKnownFileType = sourcecode.c.h; path = FreeGeekCode.h; sourceTree = "<group>"; };
		14FDEECC1B9AF0AC00FF73E4 /* FreeGeekCode.m */ = {isa = PBXFileReference; fileEncoding = 4; lastKnownFileType = sourcecode.c.objc; path = FreeGeekCode.m; sourceTree = "<group>"; };
		14FDEECD1B9AF0AC00FF73E4 /* FreeGeekSheet.h */ = {isa = PBXFileReference; fileEncoding = 4; lastKnownFileType = sourcecode.c.h; path = FreeGeekSheet.h; sourceTree = "<group>"; };
		14FDEECE1B9AF0AC00FF73E4 /* FreeGeekSheet.m */ = {isa = PBXFileReference; fileEncoding = 4; lastKnownFileType = sourcecode.c.objc; path = FreeGeekSheet.m; sourceTree = "<group>"; };
		14FDEECF1B9AF0AC00FF73E4 /* GiftTalkSheetView.h */ = {isa = PBXFileReference; fileEncoding = 4; lastKnownFileType = sourcecode.c.h; path = GiftTalkSheetView.h; sourceTree = "<group>"; };
		14FDEED01B9AF0AC00FF73E4 /* GiftTalkSheetView.m */ = {isa = PBXFileReference; fileEncoding = 4; lastKnownFileType = sourcecode.c.objc; path = GiftTalkSheetView.m; sourceTree = "<group>"; };
		14FDEED21B9AF0AC00FF73E4 /* email.png */ = {isa = PBXFileReference; lastKnownFileType = image.png; path = email.png; sourceTree = "<group>"; };
		14FDEED31B9AF0AC00FF73E4 /* logo.png */ = {isa = PBXFileReference; lastKnownFileType = image.png; path = logo.png; sourceTree = "<group>"; };
		14FDEED41B9AF0AC00FF73E4 /* mark.png */ = {isa = PBXFileReference; lastKnownFileType = image.png; path = mark.png; sourceTree = "<group>"; };
		14FDEED51B9AF0AC00FF73E4 /* musicImage.png */ = {isa = PBXFileReference; lastKnownFileType = image.png; path = musicImage.png; sourceTree = "<group>"; };
		14FDEED61B9AF0AC00FF73E4 /* qq.png */ = {isa = PBXFileReference; lastKnownFileType = image.png; path = qq.png; sourceTree = "<group>"; };
		14FDEED71B9AF0AC00FF73E4 /* qqzone.png */ = {isa = PBXFileReference; lastKnownFileType = image.png; path = qqzone.png; sourceTree = "<group>"; };
		14FDEED81B9AF0AC00FF73E4 /* refresh.png */ = {isa = PBXFileReference; lastKnownFileType = image.png; path = refresh.png; sourceTree = "<group>"; };
		14FDEED91B9AF0AC00FF73E4 /* renn.png */ = {isa = PBXFileReference; lastKnownFileType = image.png; path = renn.png; sourceTree = "<group>"; };
		14FDEEDA1B9AF0AC00FF73E4 /* shot@2x.png */ = {isa = PBXFileReference; lastKnownFileType = image.png; path = "shot@2x.png"; sourceTree = "<group>"; };
		14FDEEDB1B9AF0AC00FF73E4 /* sina.png */ = {isa = PBXFileReference; lastKnownFileType = image.png; path = sina.png; sourceTree = "<group>"; };
		14FDEEDC1B9AF0AC00FF73E4 /* sms.png */ = {isa = PBXFileReference; lastKnownFileType = image.png; path = sms.png; sourceTree = "<group>"; };
		14FDEEDD1B9AF0AC00FF73E4 /* tcwb.png */ = {isa = PBXFileReference; lastKnownFileType = image.png; path = tcwb.png; sourceTree = "<group>"; };
		14FDEEDE1B9AF0AC00FF73E4 /* wechat.png */ = {isa = PBXFileReference; lastKnownFileType = image.png; path = wechat.png; sourceTree = "<group>"; };
		14FDEEDF1B9AF0AC00FF73E4 /* wechatc.png */ = {isa = PBXFileReference; lastKnownFileType = image.png; path = wechatc.png; sourceTree = "<group>"; };
		14FDEEE01B9AF0AC00FF73E4 /* wechatf.png */ = {isa = PBXFileReference; lastKnownFileType = image.png; path = wechatf.png; sourceTree = "<group>"; };
		14FDEEE21B9AF0AC00FF73E4 /* TencentOpenAPI.framework */ = {isa = PBXFileReference; lastKnownFileType = wrapper.framework; path = TencentOpenAPI.framework; sourceTree = "<group>"; };
		14FDEEE31B9AF0AC00FF73E4 /* TencentOpenApi_IOS_Bundle.bundle */ = {isa = PBXFileReference; lastKnownFileType = "wrapper.plug-in"; path = TencentOpenApi_IOS_Bundle.bundle; sourceTree = "<group>"; };
		14FDEEE51B9AF0AC00FF73E4 /* libShareComponent.a */ = {isa = PBXFileReference; lastKnownFileType = archive.ar; path = libShareComponent.a; sourceTree = "<group>"; };
		14FDEEE61B9AF0AC00FF73E4 /* RennSDK.bundle */ = {isa = PBXFileReference; lastKnownFileType = "wrapper.plug-in"; path = RennSDK.bundle; sourceTree = "<group>"; };
		14FDEEE71B9AF0AC00FF73E4 /* RennSDK.framework */ = {isa = PBXFileReference; lastKnownFileType = wrapper.framework; path = RennSDK.framework; sourceTree = "<group>"; };
		14FDEEE81B9AF0AC00FF73E4 /* RennShareComponent.h */ = {isa = PBXFileReference; fileEncoding = 4; lastKnownFileType = sourcecode.c.h; path = RennShareComponent.h; sourceTree = "<group>"; };
		14FDEEEA1B9AF0AC00FF73E4 /* libWeChatSDK.a */ = {isa = PBXFileReference; lastKnownFileType = archive.ar; path = libWeChatSDK.a; sourceTree = "<group>"; };
		14FDEEEB1B9AF0AC00FF73E4 /* WXApi.h */ = {isa = PBXFileReference; fileEncoding = 4; lastKnownFileType = sourcecode.c.h; path = WXApi.h; sourceTree = "<group>"; };
		14FDEEEC1B9AF0AC00FF73E4 /* WXApiObject.h */ = {isa = PBXFileReference; fileEncoding = 4; lastKnownFileType = sourcecode.c.h; path = WXApiObject.h; sourceTree = "<group>"; };
		14FDEEEE1B9AF0AC00FF73E4 /* ScreenShot.bundle */ = {isa = PBXFileReference; lastKnownFileType = "wrapper.plug-in"; path = ScreenShot.bundle; sourceTree = "<group>"; };
		14FDEEEF1B9AF0AC00FF73E4 /* ScreenShot.framework */ = {isa = PBXFileReference; lastKnownFileType = wrapper.framework; path = ScreenShot.framework; sourceTree = "<group>"; };
		14FDEEF11B9AF0AC00FF73E4 /* libWeiboSDK.a */ = {isa = PBXFileReference; lastKnownFileType = archive.ar; path = libWeiboSDK.a; sourceTree = "<group>"; };
		14FDEEF21B9AF0AC00FF73E4 /* WBHttpRequest+WeiboShare.h */ = {isa = PBXFileReference; fileEncoding = 4; lastKnownFileType = sourcecode.c.h; path = "WBHttpRequest+WeiboShare.h"; sourceTree = "<group>"; };
		14FDEEF31B9AF0AC00FF73E4 /* WBHttpRequest+WeiboToken.h */ = {isa = PBXFileReference; fileEncoding = 4; lastKnownFileType = sourcecode.c.h; path = "WBHttpRequest+WeiboToken.h"; sourceTree = "<group>"; };
		14FDEEF41B9AF0AC00FF73E4 /* WBHttpRequest+WeiboUser.h */ = {isa = PBXFileReference; fileEncoding = 4; lastKnownFileType = sourcecode.c.h; path = "WBHttpRequest+WeiboUser.h"; sourceTree = "<group>"; };
		14FDEEF51B9AF0AC00FF73E4 /* WBHttpRequest.h */ = {isa = PBXFileReference; fileEncoding = 4; lastKnownFileType = sourcecode.c.h; path = WBHttpRequest.h; sourceTree = "<group>"; };
		14FDEEF61B9AF0AC00FF73E4 /* WBSDKBasicButton.h */ = {isa = PBXFileReference; fileEncoding = 4; lastKnownFileType = sourcecode.c.h; path = WBSDKBasicButton.h; sourceTree = "<group>"; };
		14FDEEF71B9AF0AC00FF73E4 /* WBSDKCommentButton.h */ = {isa = PBXFileReference; fileEncoding = 4; lastKnownFileType = sourcecode.c.h; path = WBSDKCommentButton.h; sourceTree = "<group>"; };
		14FDEEF81B9AF0AC00FF73E4 /* WBSDKRelationshipButton.h */ = {isa = PBXFileReference; fileEncoding = 4; lastKnownFileType = sourcecode.c.h; path = WBSDKRelationshipButton.h; sourceTree = "<group>"; };
		14FDEEF91B9AF0AC00FF73E4 /* WeiboSDK.bundle */ = {isa = PBXFileReference; lastKnownFileType = "wrapper.plug-in"; path = WeiboSDK.bundle; sourceTree = "<group>"; };
		14FDEEFA1B9AF0AC00FF73E4 /* WeiboSDK.h */ = {isa = PBXFileReference; fileEncoding = 4; lastKnownFileType = sourcecode.c.h; path = WeiboSDK.h; sourceTree = "<group>"; };
		14FDEEFB1B9AF0AC00FF73E4 /* WeiboUser.h */ = {isa = PBXFileReference; fileEncoding = 4; lastKnownFileType = sourcecode.c.h; path = WeiboUser.h; sourceTree = "<group>"; };
		14FDEEFD1B9AF0AC00FF73E4 /* libTCWeiboSDK.a */ = {isa = PBXFileReference; lastKnownFileType = archive.ar; path = libTCWeiboSDK.a; sourceTree = "<group>"; };
		14FDEEFE1B9AF0AC00FF73E4 /* WeiboApi.h */ = {isa = PBXFileReference; fileEncoding = 4; lastKnownFileType = sourcecode.c.h; path = WeiboApi.h; sourceTree = "<group>"; };
		14FDEEFF1B9AF0AC00FF73E4 /* WeiboApiObject.h */ = {isa = PBXFileReference; fileEncoding = 4; lastKnownFileType = sourcecode.c.h; path = WeiboApiObject.h; sourceTree = "<group>"; };
		14FDEF011B9AF0AC00FF73E4 /* YouTuiSDK.a */ = {isa = PBXFileReference; lastKnownFileType = archive.ar; path = YouTuiSDK.a; sourceTree = "<group>"; };
		14FDEF021B9AF0AC00FF73E4 /* YouTuiSDK.h */ = {isa = PBXFileReference; fileEncoding = 4; lastKnownFileType = sourcecode.c.h; path = YouTuiSDK.h; sourceTree = "<group>"; };
		14FDEF241B9AF0FB00FF73E4 /* Social.framework */ = {isa = PBXFileReference; lastKnownFileType = wrapper.framework; name = Social.framework; path = System/Library/Frameworks/Social.framework; sourceTree = SDKROOT; };
		14FDEF261B9AF10A00FF73E4 /* Accounts.framework */ = {isa = PBXFileReference; lastKnownFileType = wrapper.framework; name = Accounts.framework; path = System/Library/Frameworks/Accounts.framework; sourceTree = SDKROOT; };
		14FDEF281B9AF11600FF73E4 /* CoreTelephony.framework */ = {isa = PBXFileReference; lastKnownFileType = wrapper.framework; name = CoreTelephony.framework; path = System/Library/Frameworks/CoreTelephony.framework; sourceTree = SDKROOT; };
		14FDEF2A1B9AF12000FF73E4 /* ImageIO.framework */ = {isa = PBXFileReference; lastKnownFileType = wrapper.framework; name = ImageIO.framework; path = System/Library/Frameworks/ImageIO.framework; sourceTree = SDKROOT; };
		14FDEF2C1B9AF12F00FF73E4 /* libstdc++.dylib */ = {isa = PBXFileReference; lastKnownFileType = "compiled.mach-o.dylib"; name = "libstdc++.dylib"; path = "usr/lib/libstdc++.dylib"; sourceTree = SDKROOT; };
		14FDEF2E1B9AF14000FF73E4 /* libsqlite3.dylib */ = {isa = PBXFileReference; lastKnownFileType = "compiled.mach-o.dylib"; name = libsqlite3.dylib; path = usr/lib/libsqlite3.dylib; sourceTree = SDKROOT; };
		14FDEF301B9AF14B00FF73E4 /* libz.dylib */ = {isa = PBXFileReference; lastKnownFileType = "compiled.mach-o.dylib"; name = libz.dylib; path = usr/lib/libz.dylib; sourceTree = SDKROOT; };
/* End PBXFileReference section */

/* Begin PBXFrameworksBuildPhase section */
		14580BCE1B80DCC20023D2CE /* Frameworks */ = {
			isa = PBXFrameworksBuildPhase;
			buildActionMask = 2147483647;
			files = (
				14FDEF311B9AF14B00FF73E4 /* libz.dylib in Frameworks */,
				14FDEF2F1B9AF14000FF73E4 /* libsqlite3.dylib in Frameworks */,
				14FDEF2D1B9AF12F00FF73E4 /* libstdc++.dylib in Frameworks */,
				14FDEF2B1B9AF12000FF73E4 /* ImageIO.framework in Frameworks */,
				14FDEF291B9AF11600FF73E4 /* CoreTelephony.framework in Frameworks */,
				14FDEF271B9AF10A00FF73E4 /* Accounts.framework in Frameworks */,
				14FDEF251B9AF0FB00FF73E4 /* Social.framework in Frameworks */,
				147389AC1B9759830019C09E /* SystemConfiguration.framework in Frameworks */,
				14FDEF191B9AF0AC00FF73E4 /* RennSDK.framework in Frameworks */,
				14FDEF1A1B9AF0AC00FF73E4 /* libWeChatSDK.a in Frameworks */,
				14FDEF1D1B9AF0AC00FF73E4 /* libWeiboSDK.a in Frameworks */,
				14FDEF151B9AF0AC00FF73E4 /* TencentOpenAPI.framework in Frameworks */,
				146134A91B90BB36003382AA /* CoreLocation.framework in Frameworks */,
				14FDEF171B9AF0AC00FF73E4 /* libShareComponent.a in Frameworks */,
				147389A81B9759600019C09E /* BmobPay.framework in Frameworks */,
				14BBEFE41B84D7C300BFE4FE /* SwiftyJSON.framework in Frameworks */,
				1427B2221B82EC2B00FDBCBB /* CoreGraphics.framework in Frameworks */,
				1427B21F1B82EC0000FDBCBB /* QuartzCore.framework in Frameworks */,
				14FDEF201B9AF0AC00FF73E4 /* YouTuiSDK.a in Frameworks */,
				14FDEF1C1B9AF0AC00FF73E4 /* ScreenShot.framework in Frameworks */,
				14FDEF1F1B9AF0AC00FF73E4 /* libTCWeiboSDK.a in Frameworks */,
				14D601BD1B82DB0500283D96 /* Alamofire.framework in Frameworks */,
				147389A61B9759590019C09E /* AlipaySDK.framework in Frameworks */,
			);
			runOnlyForDeploymentPostprocessing = 0;
		};
		14580BE61B80DCC20023D2CE /* Frameworks */ = {
			isa = PBXFrameworksBuildPhase;
			buildActionMask = 2147483647;
			files = (
			);
			runOnlyForDeploymentPostprocessing = 0;
		};
/* End PBXFrameworksBuildPhase section */

/* Begin PBXGroup section */
		14215C8E1B9477A00066FF1D /* MJRefresh */ = {
			isa = PBXGroup;
			children = (
				14215C8F1B9477A00066FF1D /* Base */,
				14215C9A1B9477A00066FF1D /* Custom */,
				14215CB11B9477A00066FF1D /* MJRefresh.bundle */,
				14215CB21B9477A00066FF1D /* MJRefresh.h */,
				14215CB31B9477A00066FF1D /* MJRefreshConst.h */,
				14215CB41B9477A00066FF1D /* MJRefreshConst.m */,
				14215CB51B9477A00066FF1D /* UIScrollView+MJExtension.h */,
				14215CB61B9477A00066FF1D /* UIScrollView+MJExtension.m */,
				14215CB71B9477A00066FF1D /* UIScrollView+MJRefresh.h */,
				14215CB81B9477A00066FF1D /* UIScrollView+MJRefresh.m */,
				14215CB91B9477A00066FF1D /* UIView+MJExtension.h */,
				14215CBA1B9477A00066FF1D /* UIView+MJExtension.m */,
			);
			path = MJRefresh;
			sourceTree = "<group>";
		};
		14215C8F1B9477A00066FF1D /* Base */ = {
			isa = PBXGroup;
			children = (
				14215C901B9477A00066FF1D /* MJRefreshAutoFooter.h */,
				14215C911B9477A00066FF1D /* MJRefreshAutoFooter.m */,
				14215C921B9477A00066FF1D /* MJRefreshBackFooter.h */,
				14215C931B9477A00066FF1D /* MJRefreshBackFooter.m */,
				14215C941B9477A00066FF1D /* MJRefreshComponent.h */,
				14215C951B9477A00066FF1D /* MJRefreshComponent.m */,
				14215C961B9477A00066FF1D /* MJRefreshFooter.h */,
				14215C971B9477A00066FF1D /* MJRefreshFooter.m */,
				14215C981B9477A00066FF1D /* MJRefreshHeader.h */,
				14215C991B9477A00066FF1D /* MJRefreshHeader.m */,
			);
			path = Base;
			sourceTree = "<group>";
		};
		14215C9A1B9477A00066FF1D /* Custom */ = {
			isa = PBXGroup;
			children = (
				14215C9B1B9477A00066FF1D /* Footer */,
				14215CAA1B9477A00066FF1D /* Header */,
			);
			path = Custom;
			sourceTree = "<group>";
		};
		14215C9B1B9477A00066FF1D /* Footer */ = {
			isa = PBXGroup;
			children = (
				14215C9C1B9477A00066FF1D /* Auto */,
				14215CA31B9477A00066FF1D /* Back */,
			);
			path = Footer;
			sourceTree = "<group>";
		};
		14215C9C1B9477A00066FF1D /* Auto */ = {
			isa = PBXGroup;
			children = (
				14215C9D1B9477A00066FF1D /* MJRefreshAutoGifFooter.h */,
				14215C9E1B9477A00066FF1D /* MJRefreshAutoGifFooter.m */,
				14215C9F1B9477A00066FF1D /* MJRefreshAutoNormalFooter.h */,
				14215CA01B9477A00066FF1D /* MJRefreshAutoNormalFooter.m */,
				14215CA11B9477A00066FF1D /* MJRefreshAutoStateFooter.h */,
				14215CA21B9477A00066FF1D /* MJRefreshAutoStateFooter.m */,
			);
			path = Auto;
			sourceTree = "<group>";
		};
		14215CA31B9477A00066FF1D /* Back */ = {
			isa = PBXGroup;
			children = (
				14215CA41B9477A00066FF1D /* MJRefreshBackGifFooter.h */,
				14215CA51B9477A00066FF1D /* MJRefreshBackGifFooter.m */,
				14215CA61B9477A00066FF1D /* MJRefreshBackNormalFooter.h */,
				14215CA71B9477A00066FF1D /* MJRefreshBackNormalFooter.m */,
				14215CA81B9477A00066FF1D /* MJRefreshBackStateFooter.h */,
				14215CA91B9477A00066FF1D /* MJRefreshBackStateFooter.m */,
			);
			path = Back;
			sourceTree = "<group>";
		};
		14215CAA1B9477A00066FF1D /* Header */ = {
			isa = PBXGroup;
			children = (
				14215CAB1B9477A00066FF1D /* MJRefreshGifHeader.h */,
				14215CAC1B9477A00066FF1D /* MJRefreshGifHeader.m */,
				14215CAD1B9477A00066FF1D /* MJRefreshNormalHeader.h */,
				14215CAE1B9477A00066FF1D /* MJRefreshNormalHeader.m */,
				14215CAF1B9477A00066FF1D /* MJRefreshStateHeader.h */,
				14215CB01B9477A00066FF1D /* MJRefreshStateHeader.m */,
			);
			path = Header;
			sourceTree = "<group>";
		};
		1427B2201B82EC0800FDBCBB /* Frameworks */ = {
			isa = PBXGroup;
			children = (
				14FDEF301B9AF14B00FF73E4 /* libz.dylib */,
				14FDEF2E1B9AF14000FF73E4 /* libsqlite3.dylib */,
				14FDEF2C1B9AF12F00FF73E4 /* libstdc++.dylib */,
				14FDEF2A1B9AF12000FF73E4 /* ImageIO.framework */,
				14FDEF281B9AF11600FF73E4 /* CoreTelephony.framework */,
				14FDEF261B9AF10A00FF73E4 /* Accounts.framework */,
				14FDEF241B9AF0FB00FF73E4 /* Social.framework */,
				147389AB1B9759830019C09E /* SystemConfiguration.framework */,
				147389A91B9759650019C09E /* AlipaySDK.bundle */,
				147389A71B9759600019C09E /* BmobPay.framework */,
				147389A51B9759590019C09E /* AlipaySDK.framework */,
				146134A81B90BB36003382AA /* CoreLocation.framework */,
				1427B2211B82EC2B00FDBCBB /* CoreGraphics.framework */,
				1427B21E1B82EC0000FDBCBB /* QuartzCore.framework */,
			);
			name = Frameworks;
			sourceTree = "<group>";
		};
		144A9D091B9FDEC6005C3A22 /* RMParallax */ = {
			isa = PBXGroup;
			children = (
				144A9D0A1B9FDEC6005C3A22 /* RMParallax.swift */,
				144A9D0B1B9FDEC6005C3A22 /* RMParallaxItem.swift */,
			);
			path = RMParallax;
			sourceTree = "<group>";
		};
		14580BC81B80DCC20023D2CE = {
			isa = PBXGroup;
			children = (
				14BBEFE31B84D7C300BFE4FE /* SwiftyJSON.framework */,
				1427B2201B82EC0800FDBCBB /* Frameworks */,
				14D601AE1B82DAF000283D96 /* Alamofire.xcodeproj */,
				14580BD31B80DCC20023D2CE /* P2PCharity */,
				14580BEC1B80DCC20023D2CE /* P2PCharityTests */,
				14580BD21B80DCC20023D2CE /* Products */,
			);
			sourceTree = "<group>";
		};
		14580BD21B80DCC20023D2CE /* Products */ = {
			isa = PBXGroup;
			children = (
				14580BD11B80DCC20023D2CE /* P2PCharity.app */,
				14580BE91B80DCC20023D2CE /* P2PCharityTests.xctest */,
			);
			name = Products;
			sourceTree = "<group>";
		};
		14580BD31B80DCC20023D2CE /* P2PCharity */ = {
			isa = PBXGroup;
			children = (
				144A9D091B9FDEC6005C3A22 /* RMParallax */,
				14FDEEC81B9AF0AC00FF73E4 /* youtuiShareLib */,
				14215C8E1B9477A00066FF1D /* MJRefresh */,
				14E8E8AE1B8D7F0400739112 /* IGLDropDownMenu */,
				140A2C9C1B875243000C1E81 /* User.swift */,
				1473899C1B96A4430019C09E /* ImageLoader.swift */,
				14215C8A1B9409640066FF1D /* AllProjectViewController.swift */,
				14215C8B1B9409640066FF1D /* AllProjectViewController.xib */,
				1460232B1B9F14610079ED6A /* CHTCollectionViewWaterfallLayout.h */,
				1460232C1B9F14610079ED6A /* CHTCollectionViewWaterfallLayout.m */,
				146023301B9F15170079ED6A /* ProjectCollectionViewCellCollectionViewCell.swift */,
				146023311B9F15170079ED6A /* ProjectCollectionViewCellCollectionViewCell.xib */,
				14D492161B952C3C00010EEC /* Project.swift */,
				1409E1C71B935BFA00C6C314 /* NearsProjectViewController.swift */,
				1409E1C81B935BFA00C6C314 /* NearsProjectViewController.xib */,
				14215C831B9401180066FF1D /* ProjectTableViewCell.xib */,
				14580BD61B80DCC20023D2CE /* AppDelegate.swift */,
				14580BDB1B80DCC20023D2CE /* ViewController.swift */,
				14580C1C1B80E03B0023D2CE /* LoginViewController.swift */,
				14580C1E1B80E04A0023D2CE /* applyAuthenticationViewController.swift */,
				14580C1F1B80E04A0023D2CE /* ProfileTableViewCell.swift */,
				14580C201B80E04A0023D2CE /* ProfileViewController.swift */,
				141969B21BA0203E00B23F1B /* EditNickViewController.swift */,
				14580C211B80E04A0023D2CE /* ProjectTableViewCell.swift */,
				14580C221B80E04A0023D2CE /* ProjectViewController.swift */,
				14580BE01B80DCC20023D2CE /* Images.xcassets */,
				14580C281B80E0610023D2CE /* Main.storyboard */,
				144A9D101B9FE2F8005C3A22 /* TabBarViewController.swift */,
				144A9D0E1B9FE1E8005C3A22 /* FirstNaviViewController.swift */,
				144A9D161B9FEB31005C3A22 /* ExpandNSObject.swift */,
				146023291B9EC83B0079ED6A /* MycardViewController.swift */,
				146023241B9EA7650079ED6A /* MyFocusViewController.swift */,
				14329A901B99CD4B00465DF2 /* ApplyForMoneyViewController.swift */,
				146CE9A11B98A79F007D31B3 /* ApplyMoneyRecordViewController.swift */,
				146CE9A21B98A79F007D31B3 /* ApplyMoneyRecordViewController.xib */,
				14FDEEC21B9A7D0C00FF73E4 /* Withdraw.swift */,
				14329A801B99286000465DF2 /* ApplyProjectRecordViewController.swift */,
				14329A811B99286000465DF2 /* ApplyProjectRecordViewController.xib */,
				146CE9941B98A715007D31B3 /* DonationRecordViewController.xib */,
				14329A861B9928DA00465DF2 /* DonationRecordViewController.swift */,
				14329A8C1B99342800465DF2 /* Donation.swift */,
				14329A7C1B99279F00465DF2 /* ApplyProjectRecordTableViewCellTableViewCell.swift */,
				14329A7D1B99279F00465DF2 /* ApplyProjectRecordTableViewCellTableViewCell.xib */,
				14329A881B99328000465DF2 /* ApplyMoneyRecordTableViewCell.swift */,
				14329A891B99328000465DF2 /* ApplyMoneyRecordTableViewCell.xib */,
				14329A731B99256F00465DF2 /* DonationRecordTableViewCell.swift */,
				14329A741B99256F00465DF2 /* DonationRecordTableViewCell.xib */,
				146CE9911B98A3D5007D31B3 /* MyRecordViewController.swift */,
				14AE95AA1B97DA130005E429 /* SelectPayMethodViewController.swift */,
				1473899E1B96D88D0019C09E /* SJAvatarBrowser.h */,
				1473899F1B96D88D0019C09E /* SJAvatarBrowser.m */,
				14DFB7081B8ECD3800F3AA1A /* LaunchThirdViewController.swift */,
				14DFB70D1B8F51BD00F3AA1A /* DynamicPhotoCellCollectionViewCell.swift */,
				147389A31B9749CA0019C09E /* DonationInfoViewController.swift */,
				147389971B96950B0019C09E /* ProveMaterialCollectionViewCell.swift */,
				14E8E8BA1B8E141B00739112 /* LauncherBasicInfoViewController.swift */,
				14E8E8B81B8D81C100739112 /* LaunchProjectViewController.swift */,
				140CA0081B8B057300D83DB5 /* ProjectDetailViewController.swift */,
				142B37EE1B80E992008F061F /* RegisterViewController.swift */,
				14580BE21B80DCC20023D2CE /* LaunchScreen.xib */,
				14580BD81B80DCC20023D2CE /* P2PCharity.xcdatamodeld */,
				1427B2171B82EAC300FDBCBB /* P2PCharity-Bridging-Header.h */,
				14580BD41B80DCC20023D2CE /* Supporting Files */,
			);
			path = P2PCharity;
			sourceTree = "<group>";
		};
		14580BD41B80DCC20023D2CE /* Supporting Files */ = {
			isa = PBXGroup;
			children = (
				14580BD51B80DCC20023D2CE /* Info.plist */,
			);
			name = "Supporting Files";
			sourceTree = "<group>";
		};
		14580BEC1B80DCC20023D2CE /* P2PCharityTests */ = {
			isa = PBXGroup;
			children = (
				14580BEF1B80DCC20023D2CE /* P2PCharityTests.swift */,
				14580BED1B80DCC20023D2CE /* Supporting Files */,
			);
			path = P2PCharityTests;
			sourceTree = "<group>";
		};
		14580BED1B80DCC20023D2CE /* Supporting Files */ = {
			isa = PBXGroup;
			children = (
				14580BEE1B80DCC20023D2CE /* Info.plist */,
			);
			name = "Supporting Files";
			sourceTree = "<group>";
		};
		14D601AF1B82DAF000283D96 /* Products */ = {
			isa = PBXGroup;
			children = (
				14D601B61B82DAF000283D96 /* Alamofire.framework */,
				14D601B81B82DAF000283D96 /* Alamofire.framework */,
				14D601BA1B82DAF000283D96 /* Alamofire iOS Tests.xctest */,
				14D601BC1B82DAF000283D96 /* Alamofire OSX Tests.xctest */,
			);
			name = Products;
			sourceTree = "<group>";
		};
		14E8E8AE1B8D7F0400739112 /* IGLDropDownMenu */ = {
			isa = PBXGroup;
			children = (
				14E8E8AF1B8D7F0400739112 /* IGLDropDownItem.h */,
				14E8E8B01B8D7F0400739112 /* IGLDropDownItem.m */,
				14E8E8B11B8D7F0400739112 /* IGLDropDownMenu.h */,
				14E8E8B21B8D7F0400739112 /* IGLDropDownMenu.m */,
			);
			path = IGLDropDownMenu;
			sourceTree = "<group>";
		};
		14FDEEC81B9AF0AC00FF73E4 /* youtuiShareLib */ = {
			isa = PBXGroup;
			children = (
				14FDEEC91B9AF0AC00FF73E4 /* lib */,
				14FDEF001B9AF0AC00FF73E4 /* youtuiShare */,
			);
			path = youtuiShareLib;
			sourceTree = "<group>";
		};
		14FDEEC91B9AF0AC00FF73E4 /* lib */ = {
			isa = PBXGroup;
			children = (
				14FDEECA1B9AF0AC00FF73E4 /* OtherFile */,
				14FDEEE11B9AF0AC00FF73E4 /* QQ */,
				14FDEEE41B9AF0AC00FF73E4 /* 人人 */,
				14FDEEE91B9AF0AC00FF73E4 /* 微信 */,
				14FDEEED1B9AF0AC00FF73E4 /* 截屏 */,
				14FDEEF01B9AF0AC00FF73E4 /* 新浪微博 */,
				14FDEEFC1B9AF0AC00FF73E4 /* 腾讯微博 */,
			);
			path = lib;
			sourceTree = "<group>";
		};
		14FDEECA1B9AF0AC00FF73E4 /* OtherFile */ = {
			isa = PBXGroup;
			children = (
				14FDEECB1B9AF0AC00FF73E4 /* FreeGeekCode.h */,
				14FDEECC1B9AF0AC00FF73E4 /* FreeGeekCode.m */,
				14FDEECD1B9AF0AC00FF73E4 /* FreeGeekSheet.h */,
				14FDEECE1B9AF0AC00FF73E4 /* FreeGeekSheet.m */,
				14FDEECF1B9AF0AC00FF73E4 /* GiftTalkSheetView.h */,
				14FDEED01B9AF0AC00FF73E4 /* GiftTalkSheetView.m */,
				14FDEED11B9AF0AC00FF73E4 /* image */,
			);
			path = OtherFile;
			sourceTree = "<group>";
		};
		14FDEED11B9AF0AC00FF73E4 /* image */ = {
			isa = PBXGroup;
			children = (
				14FDEED21B9AF0AC00FF73E4 /* email.png */,
				14FDEED31B9AF0AC00FF73E4 /* logo.png */,
				14FDEED41B9AF0AC00FF73E4 /* mark.png */,
				14FDEED51B9AF0AC00FF73E4 /* musicImage.png */,
				14FDEED61B9AF0AC00FF73E4 /* qq.png */,
				14FDEED71B9AF0AC00FF73E4 /* qqzone.png */,
				14FDEED81B9AF0AC00FF73E4 /* refresh.png */,
				14FDEED91B9AF0AC00FF73E4 /* renn.png */,
				14FDEEDA1B9AF0AC00FF73E4 /* shot@2x.png */,
				14FDEEDB1B9AF0AC00FF73E4 /* sina.png */,
				14FDEEDC1B9AF0AC00FF73E4 /* sms.png */,
				14FDEEDD1B9AF0AC00FF73E4 /* tcwb.png */,
				14FDEEDE1B9AF0AC00FF73E4 /* wechat.png */,
				14FDEEDF1B9AF0AC00FF73E4 /* wechatc.png */,
				14FDEEE01B9AF0AC00FF73E4 /* wechatf.png */,
			);
			path = image;
			sourceTree = "<group>";
		};
		14FDEEE11B9AF0AC00FF73E4 /* QQ */ = {
			isa = PBXGroup;
			children = (
				14FDEEE21B9AF0AC00FF73E4 /* TencentOpenAPI.framework */,
				14FDEEE31B9AF0AC00FF73E4 /* TencentOpenApi_IOS_Bundle.bundle */,
			);
			path = QQ;
			sourceTree = "<group>";
		};
		14FDEEE41B9AF0AC00FF73E4 /* 人人 */ = {
			isa = PBXGroup;
			children = (
				14FDEEE51B9AF0AC00FF73E4 /* libShareComponent.a */,
				14FDEEE61B9AF0AC00FF73E4 /* RennSDK.bundle */,
				14FDEEE71B9AF0AC00FF73E4 /* RennSDK.framework */,
				14FDEEE81B9AF0AC00FF73E4 /* RennShareComponent.h */,
			);
			path = "人人";
			sourceTree = "<group>";
		};
		14FDEEE91B9AF0AC00FF73E4 /* 微信 */ = {
			isa = PBXGroup;
			children = (
				14FDEEEA1B9AF0AC00FF73E4 /* libWeChatSDK.a */,
				14FDEEEB1B9AF0AC00FF73E4 /* WXApi.h */,
				14FDEEEC1B9AF0AC00FF73E4 /* WXApiObject.h */,
			);
			path = "微信";
			sourceTree = "<group>";
		};
		14FDEEED1B9AF0AC00FF73E4 /* 截屏 */ = {
			isa = PBXGroup;
			children = (
				14FDEEEE1B9AF0AC00FF73E4 /* ScreenShot.bundle */,
				14FDEEEF1B9AF0AC00FF73E4 /* ScreenShot.framework */,
			);
			path = "截屏";
			sourceTree = "<group>";
		};
		14FDEEF01B9AF0AC00FF73E4 /* 新浪微博 */ = {
			isa = PBXGroup;
			children = (
				14FDEEF11B9AF0AC00FF73E4 /* libWeiboSDK.a */,
				14FDEEF21B9AF0AC00FF73E4 /* WBHttpRequest+WeiboShare.h */,
				14FDEEF31B9AF0AC00FF73E4 /* WBHttpRequest+WeiboToken.h */,
				14FDEEF41B9AF0AC00FF73E4 /* WBHttpRequest+WeiboUser.h */,
				14FDEEF51B9AF0AC00FF73E4 /* WBHttpRequest.h */,
				14FDEEF61B9AF0AC00FF73E4 /* WBSDKBasicButton.h */,
				14FDEEF71B9AF0AC00FF73E4 /* WBSDKCommentButton.h */,
				14FDEEF81B9AF0AC00FF73E4 /* WBSDKRelationshipButton.h */,
				14FDEEF91B9AF0AC00FF73E4 /* WeiboSDK.bundle */,
				14FDEEFA1B9AF0AC00FF73E4 /* WeiboSDK.h */,
				14FDEEFB1B9AF0AC00FF73E4 /* WeiboUser.h */,
			);
			path = "新浪微博";
			sourceTree = "<group>";
		};
		14FDEEFC1B9AF0AC00FF73E4 /* 腾讯微博 */ = {
			isa = PBXGroup;
			children = (
				14FDEEFD1B9AF0AC00FF73E4 /* libTCWeiboSDK.a */,
				14FDEEFE1B9AF0AC00FF73E4 /* WeiboApi.h */,
				14FDEEFF1B9AF0AC00FF73E4 /* WeiboApiObject.h */,
			);
			path = "腾讯微博";
			sourceTree = "<group>";
		};
		14FDEF001B9AF0AC00FF73E4 /* youtuiShare */ = {
			isa = PBXGroup;
			children = (
				14FDEF011B9AF0AC00FF73E4 /* YouTuiSDK.a */,
				14FDEF021B9AF0AC00FF73E4 /* YouTuiSDK.h */,
			);
			path = youtuiShare;
			sourceTree = "<group>";
		};
/* End PBXGroup section */

/* Begin PBXNativeTarget section */
		14580BD01B80DCC20023D2CE /* P2PCharity */ = {
			isa = PBXNativeTarget;
			buildConfigurationList = 14580BF31B80DCC20023D2CE /* Build configuration list for PBXNativeTarget "P2PCharity" */;
			buildPhases = (
				14580BCD1B80DCC20023D2CE /* Sources */,
				14580BCE1B80DCC20023D2CE /* Frameworks */,
				14580BCF1B80DCC20023D2CE /* Resources */,
				14580C1B1B80DF750023D2CE /* Embed Frameworks */,
				141A67871B8AC98B00051EAE /* ShellScript */,
			);
			buildRules = (
			);
			dependencies = (
				14D601C01B82DB0500283D96 /* PBXTargetDependency */,
			);
			name = P2PCharity;
			productName = P2PCharity;
			productReference = 14580BD11B80DCC20023D2CE /* P2PCharity.app */;
			productType = "com.apple.product-type.application";
		};
		14580BE81B80DCC20023D2CE /* P2PCharityTests */ = {
			isa = PBXNativeTarget;
			buildConfigurationList = 14580BF61B80DCC20023D2CE /* Build configuration list for PBXNativeTarget "P2PCharityTests" */;
			buildPhases = (
				14580BE51B80DCC20023D2CE /* Sources */,
				14580BE61B80DCC20023D2CE /* Frameworks */,
				14580BE71B80DCC20023D2CE /* Resources */,
			);
			buildRules = (
			);
			dependencies = (
				14580BEB1B80DCC20023D2CE /* PBXTargetDependency */,
			);
			name = P2PCharityTests;
			productName = P2PCharityTests;
			productReference = 14580BE91B80DCC20023D2CE /* P2PCharityTests.xctest */;
			productType = "com.apple.product-type.bundle.unit-test";
		};
/* End PBXNativeTarget section */

/* Begin PBXProject section */
		14580BC91B80DCC20023D2CE /* Project object */ = {
			isa = PBXProject;
			attributes = {
				LastSwiftUpdateCheck = 0700;
				LastUpgradeCheck = 0640;
				ORGANIZATIONNAME = "李冬";
				TargetAttributes = {
					14580BD01B80DCC20023D2CE = {
						CreatedOnToolsVersion = 6.4;
					};
					14580BE81B80DCC20023D2CE = {
						CreatedOnToolsVersion = 6.4;
						TestTargetID = 14580BD01B80DCC20023D2CE;
					};
				};
			};
			buildConfigurationList = 14580BCC1B80DCC20023D2CE /* Build configuration list for PBXProject "P2PCharity" */;
			compatibilityVersion = "Xcode 3.2";
			developmentRegion = English;
			hasScannedForEncodings = 0;
			knownRegions = (
				en,
				Base,
			);
			mainGroup = 14580BC81B80DCC20023D2CE;
			productRefGroup = 14580BD21B80DCC20023D2CE /* Products */;
			projectDirPath = "";
			projectReferences = (
				{
					ProductGroup = 14D601AF1B82DAF000283D96 /* Products */;
					ProjectRef = 14D601AE1B82DAF000283D96 /* Alamofire.xcodeproj */;
				},
			);
			projectRoot = "";
			targets = (
				14580BD01B80DCC20023D2CE /* P2PCharity */,
				14580BE81B80DCC20023D2CE /* P2PCharityTests */,
			);
		};
/* End PBXProject section */

/* Begin PBXReferenceProxy section */
		14D601B61B82DAF000283D96 /* Alamofire.framework */ = {
			isa = PBXReferenceProxy;
			fileType = wrapper.framework;
			path = Alamofire.framework;
			remoteRef = 14D601B51B82DAF000283D96 /* PBXContainerItemProxy */;
			sourceTree = BUILT_PRODUCTS_DIR;
		};
		14D601B81B82DAF000283D96 /* Alamofire.framework */ = {
			isa = PBXReferenceProxy;
			fileType = wrapper.framework;
			path = Alamofire.framework;
			remoteRef = 14D601B71B82DAF000283D96 /* PBXContainerItemProxy */;
			sourceTree = BUILT_PRODUCTS_DIR;
		};
		14D601BA1B82DAF000283D96 /* Alamofire iOS Tests.xctest */ = {
			isa = PBXReferenceProxy;
			fileType = wrapper.cfbundle;
			path = "Alamofire iOS Tests.xctest";
			remoteRef = 14D601B91B82DAF000283D96 /* PBXContainerItemProxy */;
			sourceTree = BUILT_PRODUCTS_DIR;
		};
		14D601BC1B82DAF000283D96 /* Alamofire OSX Tests.xctest */ = {
			isa = PBXReferenceProxy;
			fileType = wrapper.cfbundle;
			path = "Alamofire OSX Tests.xctest";
			remoteRef = 14D601BB1B82DAF000283D96 /* PBXContainerItemProxy */;
			sourceTree = BUILT_PRODUCTS_DIR;
		};
/* End PBXReferenceProxy section */

/* Begin PBXResourcesBuildPhase section */
		14580BCF1B80DCC20023D2CE /* Resources */ = {
			isa = PBXResourcesBuildPhase;
			buildActionMask = 2147483647;
			files = (
				14580C291B80E0610023D2CE /* Main.storyboard in Resources */,
				14329A831B99286000465DF2 /* ApplyProjectRecordViewController.xib in Resources */,
				14580BE41B80DCC20023D2CE /* LaunchScreen.xib in Resources */,
				14FDEF101B9AF0AC00FF73E4 /* sms.png in Resources */,
				14FDEF121B9AF0AC00FF73E4 /* wechat.png in Resources */,
				14329A761B99256F00465DF2 /* DonationRecordTableViewCell.xib in Resources */,
				14FDEF141B9AF0AC00FF73E4 /* wechatf.png in Resources */,
				147389AA1B9759650019C09E /* AlipaySDK.bundle in Resources */,
				14FDEF1E1B9AF0AC00FF73E4 /* WeiboSDK.bundle in Resources */,
				146CE9A41B98A79F007D31B3 /* ApplyMoneyRecordViewController.xib in Resources */,
				14FDEF081B9AF0AC00FF73E4 /* mark.png in Resources */,
				14FDEF0B1B9AF0AC00FF73E4 /* qqzone.png in Resources */,
				14215CC91B9477A00066FF1D /* MJRefresh.bundle in Resources */,
				14215C8D1B9409640066FF1D /* AllProjectViewController.xib in Resources */,
				14FDEF0D1B9AF0AC00FF73E4 /* renn.png in Resources */,
				14FDEF0C1B9AF0AC00FF73E4 /* refresh.png in Resources */,
				14FDEF091B9AF0AC00FF73E4 /* musicImage.png in Resources */,
				146023331B9F15170079ED6A /* ProjectCollectionViewCellCollectionViewCell.xib in Resources */,
				14FDEF061B9AF0AC00FF73E4 /* email.png in Resources */,
				14FDEF0F1B9AF0AC00FF73E4 /* sina.png in Resources */,
				14FDEF161B9AF0AC00FF73E4 /* TencentOpenApi_IOS_Bundle.bundle in Resources */,
				14FDEF131B9AF0AC00FF73E4 /* wechatc.png in Resources */,
				14215C841B9401180066FF1D /* ProjectTableViewCell.xib in Resources */,
				1409E1CA1B935BFA00C6C314 /* NearsProjectViewController.xib in Resources */,
				14580BE11B80DCC20023D2CE /* Images.xcassets in Resources */,
				14FDEF1B1B9AF0AC00FF73E4 /* ScreenShot.bundle in Resources */,
				14FDEF071B9AF0AC00FF73E4 /* logo.png in Resources */,
				14329A7F1B99279F00465DF2 /* ApplyProjectRecordTableViewCellTableViewCell.xib in Resources */,
				14FDEF0E1B9AF0AC00FF73E4 /* shot@2x.png in Resources */,
				14329A8B1B99328000465DF2 /* ApplyMoneyRecordTableViewCell.xib in Resources */,
				14FDEF181B9AF0AC00FF73E4 /* RennSDK.bundle in Resources */,
				146CE9961B98A715007D31B3 /* DonationRecordViewController.xib in Resources */,
				14FDEF0A1B9AF0AC00FF73E4 /* qq.png in Resources */,
				14FDEF111B9AF0AC00FF73E4 /* tcwb.png in Resources */,
			);
			runOnlyForDeploymentPostprocessing = 0;
		};
		14580BE71B80DCC20023D2CE /* Resources */ = {
			isa = PBXResourcesBuildPhase;
			buildActionMask = 2147483647;
			files = (
			);
			runOnlyForDeploymentPostprocessing = 0;
		};
/* End PBXResourcesBuildPhase section */

/* Begin PBXShellScriptBuildPhase section */
		141A67871B8AC98B00051EAE /* ShellScript */ = {
			isa = PBXShellScriptBuildPhase;
			buildActionMask = 2147483647;
			files = (
			);
			inputPaths = (
			);
			outputPaths = (
			);
			runOnlyForDeploymentPostprocessing = 0;
			shellPath = /bin/sh;
			shellScript = "export CODESIGN_ALLOCATE=/Applications/Xcode.app/Contents/Developer/Platforms/iPhoneOS.platform/Developer/usr/bin/codesign_allocate\nif [ \"${PLATFORM_NAME}\" == \"iphoneos\" ] || [ \"${PLATFORM_NAME}\" == \"ipados\" ]; then\n/Applications/Xcode.app/Contents/Developer/iphoneentitlements/gen_entitlements.py \"my.company.${PROJECT_NAME}\" \"${BUILT_PRODUCTS_DIR}/${WRAPPER_NAME}/${PROJECT_NAME}.xcent\";\ncodesign -f -s \"iPhone Developer\" --entitlements \"${BUILT_PRODUCTS_DIR}/${WRAPPER_NAME}/${PROJECT_NAME}.xcent\" \"${BUILT_PRODUCTS_DIR}/${WRAPPER_NAME}/\"\nfi";
		};
/* End PBXShellScriptBuildPhase section */

/* Begin PBXSourcesBuildPhase section */
		14580BCD1B80DCC20023D2CE /* Sources */ = {
			isa = PBXSourcesBuildPhase;
			buildActionMask = 2147483647;
			files = (
				14215CCB1B9477A00066FF1D /* UIScrollView+MJExtension.m in Sources */,
				146023251B9EA7650079ED6A /* MyFocusViewController.swift in Sources */,
				14580C231B80E04A0023D2CE /* applyAuthenticationViewController.swift in Sources */,
				1460232A1B9EC83B0079ED6A /* MycardViewController.swift in Sources */,
				147389981B96950B0019C09E /* ProveMaterialCollectionViewCell.swift in Sources */,
				14215CBB1B9477A00066FF1D /* MJRefreshAutoFooter.m in Sources */,
				142B37EF1B80E992008F061F /* RegisterViewController.swift in Sources */,
				14329A8D1B99342800465DF2 /* Donation.swift in Sources */,
				14E8E8B31B8D7F0400739112 /* IGLDropDownItem.m in Sources */,
				14D492171B952C3C00010EEC /* Project.swift in Sources */,
				14E8E8B41B8D7F0400739112 /* IGLDropDownMenu.m in Sources */,
				14580C261B80E04A0023D2CE /* ProjectTableViewCell.swift in Sources */,
				141969B31BA0203E00B23F1B /* EditNickViewController.swift in Sources */,
				14329A751B99256F00465DF2 /* DonationRecordTableViewCell.swift in Sources */,
				140CA0091B8B057300D83DB5 /* ProjectDetailViewController.swift in Sources */,
				147389A41B9749CA0019C09E /* DonationInfoViewController.swift in Sources */,
				146CE9A31B98A79F007D31B3 /* ApplyMoneyRecordViewController.swift in Sources */,
				1409E1C91B935BFA00C6C314 /* NearsProjectViewController.swift in Sources */,
				14329A911B99CD4B00465DF2 /* ApplyForMoneyViewController.swift in Sources */,
				144A9D0D1B9FDEC6005C3A22 /* RMParallaxItem.swift in Sources */,
				146CE9921B98A3D5007D31B3 /* MyRecordViewController.swift in Sources */,
				144A9D0C1B9FDEC6005C3A22 /* RMParallax.swift in Sources */,
				14FDEF041B9AF0AC00FF73E4 /* FreeGeekSheet.m in Sources */,
				14215CBD1B9477A00066FF1D /* MJRefreshComponent.m in Sources */,
				147389A01B96D88D0019C09E /* SJAvatarBrowser.m in Sources */,
				14580C271B80E04A0023D2CE /* ProjectViewController.swift in Sources */,
				14215CC31B9477A00066FF1D /* MJRefreshBackGifFooter.m in Sources */,
				14215C8C1B9409640066FF1D /* AllProjectViewController.swift in Sources */,
				14E8E8B91B8D81C100739112 /* LaunchProjectViewController.swift in Sources */,
				14580BDC1B80DCC20023D2CE /* ViewController.swift in Sources */,
				14215CCD1B9477A00066FF1D /* UIView+MJExtension.m in Sources */,
				14329A8A1B99328000465DF2 /* ApplyMoneyRecordTableViewCell.swift in Sources */,
				14580BD71B80DCC20023D2CE /* AppDelegate.swift in Sources */,
				14215CC81B9477A00066FF1D /* MJRefreshStateHeader.m in Sources */,
				14329A871B9928DA00465DF2 /* DonationRecordViewController.swift in Sources */,
				14329A821B99286000465DF2 /* ApplyProjectRecordViewController.swift in Sources */,
				14215CC41B9477A00066FF1D /* MJRefreshBackNormalFooter.m in Sources */,
				14215CCC1B9477A00066FF1D /* UIScrollView+MJRefresh.m in Sources */,
				14215CC11B9477A00066FF1D /* MJRefreshAutoNormalFooter.m in Sources */,
				14580C241B80E04A0023D2CE /* ProfileTableViewCell.swift in Sources */,
				14215CC71B9477A00066FF1D /* MJRefreshNormalHeader.m in Sources */,
				14FDEEC31B9A7D0C00FF73E4 /* Withdraw.swift in Sources */,
				14FDEF051B9AF0AC00FF73E4 /* GiftTalkSheetView.m in Sources */,
				146023321B9F15170079ED6A /* ProjectCollectionViewCellCollectionViewCell.swift in Sources */,
				14FDEF031B9AF0AC00FF73E4 /* FreeGeekCode.m in Sources */,
				14215CC21B9477A00066FF1D /* MJRefreshAutoStateFooter.m in Sources */,
				144A9D111B9FE2F8005C3A22 /* TabBarViewController.swift in Sources */,
				14215CBC1B9477A00066FF1D /* MJRefreshBackFooter.m in Sources */,
				14215CC61B9477A00066FF1D /* MJRefreshGifHeader.m in Sources */,
				14580C251B80E04A0023D2CE /* ProfileViewController.swift in Sources */,
				14329A7E1B99279F00465DF2 /* ApplyProjectRecordTableViewCellTableViewCell.swift in Sources */,
				14215CCA1B9477A00066FF1D /* MJRefreshConst.m in Sources */,
				14215CC01B9477A00066FF1D /* MJRefreshAutoGifFooter.m in Sources */,
				14215CBE1B9477A00066FF1D /* MJRefreshFooter.m in Sources */,
				14580C1D1B80E03B0023D2CE /* LoginViewController.swift in Sources */,
				14215CC51B9477A00066FF1D /* MJRefreshBackStateFooter.m in Sources */,
				1473899D1B96A4430019C09E /* ImageLoader.swift in Sources */,
				14580BDA1B80DCC20023D2CE /* P2PCharity.xcdatamodeld in Sources */,
				14215CBF1B9477A00066FF1D /* MJRefreshHeader.m in Sources */,
				14DFB7091B8ECD3800F3AA1A /* LaunchThirdViewController.swift in Sources */,
				1460232D1B9F14610079ED6A /* CHTCollectionViewWaterfallLayout.m in Sources */,
				14AE95AB1B97DA130005E429 /* SelectPayMethodViewController.swift in Sources */,
				144A9D171B9FEB31005C3A22 /* ExpandNSObject.swift in Sources */,
				140A2C9D1B875243000C1E81 /* User.swift in Sources */,
				144A9D0F1B9FE1E8005C3A22 /* FirstNaviViewController.swift in Sources */,
				14E8E8BB1B8E141B00739112 /* LauncherBasicInfoViewController.swift in Sources */,
				14DFB70E1B8F51BD00F3AA1A /* DynamicPhotoCellCollectionViewCell.swift in Sources */,
			);
			runOnlyForDeploymentPostprocessing = 0;
		};
		14580BE51B80DCC20023D2CE /* Sources */ = {
			isa = PBXSourcesBuildPhase;
			buildActionMask = 2147483647;
			files = (
				14580BF01B80DCC20023D2CE /* P2PCharityTests.swift in Sources */,
			);
			runOnlyForDeploymentPostprocessing = 0;
		};
/* End PBXSourcesBuildPhase section */

/* Begin PBXTargetDependency section */
		14580BEB1B80DCC20023D2CE /* PBXTargetDependency */ = {
			isa = PBXTargetDependency;
			target = 14580BD01B80DCC20023D2CE /* P2PCharity */;
			targetProxy = 14580BEA1B80DCC20023D2CE /* PBXContainerItemProxy */;
		};
		14D601C01B82DB0500283D96 /* PBXTargetDependency */ = {
			isa = PBXTargetDependency;
			name = "Alamofire iOS";
			targetProxy = 14D601BF1B82DB0500283D96 /* PBXContainerItemProxy */;
		};
/* End PBXTargetDependency section */

/* Begin PBXVariantGroup section */
		14580BE21B80DCC20023D2CE /* LaunchScreen.xib */ = {
			isa = PBXVariantGroup;
			children = (
				14580BE31B80DCC20023D2CE /* Base */,
			);
			name = LaunchScreen.xib;
			sourceTree = "<group>";
		};
/* End PBXVariantGroup section */

/* Begin XCBuildConfiguration section */
		14580BF11B80DCC20023D2CE /* Debug */ = {
			isa = XCBuildConfiguration;
			buildSettings = {
				ALWAYS_SEARCH_USER_PATHS = NO;
				CLANG_CXX_LANGUAGE_STANDARD = "gnu++0x";
				CLANG_CXX_LIBRARY = "libc++";
				CLANG_ENABLE_MODULES = YES;
				CLANG_ENABLE_OBJC_ARC = YES;
				CLANG_WARN_BOOL_CONVERSION = YES;
				CLANG_WARN_CONSTANT_CONVERSION = YES;
				CLANG_WARN_DIRECT_OBJC_ISA_USAGE = YES_ERROR;
				CLANG_WARN_EMPTY_BODY = YES;
				CLANG_WARN_ENUM_CONVERSION = YES;
				CLANG_WARN_INT_CONVERSION = YES;
				CLANG_WARN_OBJC_ROOT_CLASS = YES_ERROR;
				CLANG_WARN_UNREACHABLE_CODE = YES;
				CLANG_WARN__DUPLICATE_METHOD_MATCH = YES;
				"CODE_SIGN_IDENTITY[sdk=iphoneos*]" = "iPhone Developer";
				COPY_PHASE_STRIP = NO;
				DEBUG_INFORMATION_FORMAT = "dwarf-with-dsym";
				ENABLE_STRICT_OBJC_MSGSEND = YES;
				GCC_C_LANGUAGE_STANDARD = gnu99;
				GCC_DYNAMIC_NO_PIC = NO;
				GCC_NO_COMMON_BLOCKS = YES;
				GCC_OPTIMIZATION_LEVEL = 0;
				GCC_PREPROCESSOR_DEFINITIONS = (
					"DEBUG=1",
					"$(inherited)",
				);
				GCC_SYMBOLS_PRIVATE_EXTERN = NO;
				GCC_WARN_64_TO_32_BIT_CONVERSION = YES;
				GCC_WARN_ABOUT_RETURN_TYPE = YES_ERROR;
				GCC_WARN_UNDECLARED_SELECTOR = YES;
				GCC_WARN_UNINITIALIZED_AUTOS = YES_AGGRESSIVE;
				GCC_WARN_UNUSED_FUNCTION = YES;
				GCC_WARN_UNUSED_VARIABLE = YES;
				IPHONEOS_DEPLOYMENT_TARGET = 8.4;
				MTL_ENABLE_DEBUG_INFO = YES;
				ONLY_ACTIVE_ARCH = YES;
				SDKROOT = iphoneos;
				SWIFT_OPTIMIZATION_LEVEL = "-Onone";
			};
			name = Debug;
		};
		14580BF21B80DCC20023D2CE /* Release */ = {
			isa = XCBuildConfiguration;
			buildSettings = {
				ALWAYS_SEARCH_USER_PATHS = NO;
				CLANG_CXX_LANGUAGE_STANDARD = "gnu++0x";
				CLANG_CXX_LIBRARY = "libc++";
				CLANG_ENABLE_MODULES = YES;
				CLANG_ENABLE_OBJC_ARC = YES;
				CLANG_WARN_BOOL_CONVERSION = YES;
				CLANG_WARN_CONSTANT_CONVERSION = YES;
				CLANG_WARN_DIRECT_OBJC_ISA_USAGE = YES_ERROR;
				CLANG_WARN_EMPTY_BODY = YES;
				CLANG_WARN_ENUM_CONVERSION = YES;
				CLANG_WARN_INT_CONVERSION = YES;
				CLANG_WARN_OBJC_ROOT_CLASS = YES_ERROR;
				CLANG_WARN_UNREACHABLE_CODE = YES;
				CLANG_WARN__DUPLICATE_METHOD_MATCH = YES;
				"CODE_SIGN_IDENTITY[sdk=iphoneos*]" = "iPhone Developer";
				COPY_PHASE_STRIP = NO;
				DEBUG_INFORMATION_FORMAT = "dwarf-with-dsym";
				ENABLE_NS_ASSERTIONS = NO;
				ENABLE_STRICT_OBJC_MSGSEND = YES;
				GCC_C_LANGUAGE_STANDARD = gnu99;
				GCC_NO_COMMON_BLOCKS = YES;
				GCC_WARN_64_TO_32_BIT_CONVERSION = YES;
				GCC_WARN_ABOUT_RETURN_TYPE = YES_ERROR;
				GCC_WARN_UNDECLARED_SELECTOR = YES;
				GCC_WARN_UNINITIALIZED_AUTOS = YES_AGGRESSIVE;
				GCC_WARN_UNUSED_FUNCTION = YES;
				GCC_WARN_UNUSED_VARIABLE = YES;
				IPHONEOS_DEPLOYMENT_TARGET = 8.4;
				MTL_ENABLE_DEBUG_INFO = NO;
				SDKROOT = iphoneos;
				VALIDATE_PRODUCT = YES;
			};
			name = Release;
		};
		14580BF41B80DCC20023D2CE /* Debug */ = {
			isa = XCBuildConfiguration;
			buildSettings = {
				ASSETCATALOG_COMPILER_APPICON_NAME = AppIcon;
				CLANG_ENABLE_MODULES = YES;
				"CODE_SIGN_IDENTITY[sdk=iphoneos*]" = "";
				EMBEDDED_CONTENT_CONTAINS_SWIFT = YES;
				FRAMEWORK_SEARCH_PATHS = (
					"$(inherited)",
					"$(PROJECT_DIR)/Carthage/Build/iOS",
					"$(PROJECT_DIR)",
					"$(PROJECT_DIR)/P2PCharity/youtuiShareLib/lib/QQ",
					"$(PROJECT_DIR)/P2PCharity/youtuiShareLib/lib/人人",
					"$(PROJECT_DIR)/P2PCharity/youtuiShareLib/lib/截屏",
				);
				INFOPLIST_FILE = P2PCharity/Info.plist;
				LD_RUNPATH_SEARCH_PATHS = "$(inherited) @executable_path/Frameworks";
				LIBRARY_SEARCH_PATHS = (
					"$(inherited)",
					"$(PROJECT_DIR)/P2PCharity/youtuiShareLib/lib/人人",
					"$(PROJECT_DIR)/P2PCharity/youtuiShareLib/lib/微信",
					"$(PROJECT_DIR)/P2PCharity/youtuiShareLib/lib/新浪微博",
					"$(PROJECT_DIR)/P2PCharity/youtuiShareLib/lib/腾讯微博",
					"$(PROJECT_DIR)/P2PCharity/youtuiShareLib/youtuiShare",
				);
				OTHER_LDFLAGS = "-all_load";
				PRODUCT_NAME = "$(TARGET_NAME)";
				SWIFT_OBJC_BRIDGING_HEADER = "P2PCharity/P2PCharity-Bridging-Header.h";
				SWIFT_OPTIMIZATION_LEVEL = "-Onone";
			};
			name = Debug;
		};
		14580BF51B80DCC20023D2CE /* Release */ = {
			isa = XCBuildConfiguration;
			buildSettings = {
				ASSETCATALOG_COMPILER_APPICON_NAME = AppIcon;
				CLANG_ENABLE_MODULES = YES;
				"CODE_SIGN_IDENTITY[sdk=iphoneos*]" = "";
				EMBEDDED_CONTENT_CONTAINS_SWIFT = YES;
				FRAMEWORK_SEARCH_PATHS = (
					"$(inherited)",
					"$(PROJECT_DIR)/Carthage/Build/iOS",
					"$(PROJECT_DIR)",
					"$(PROJECT_DIR)/P2PCharity/youtuiShareLib/lib/QQ",
					"$(PROJECT_DIR)/P2PCharity/youtuiShareLib/lib/人人",
					"$(PROJECT_DIR)/P2PCharity/youtuiShareLib/lib/截屏",
				);
				INFOPLIST_FILE = P2PCharity/Info.plist;
				LD_RUNPATH_SEARCH_PATHS = "$(inherited) @executable_path/Frameworks";
				LIBRARY_SEARCH_PATHS = (
					"$(inherited)",
					"$(PROJECT_DIR)/P2PCharity/youtuiShareLib/lib/人人",
					"$(PROJECT_DIR)/P2PCharity/youtuiShareLib/lib/微信",
					"$(PROJECT_DIR)/P2PCharity/youtuiShareLib/lib/新浪微博",
					"$(PROJECT_DIR)/P2PCharity/youtuiShareLib/lib/腾讯微博",
					"$(PROJECT_DIR)/P2PCharity/youtuiShareLib/youtuiShare",
				);
				OTHER_LDFLAGS = "-all_load";
				PRODUCT_NAME = "$(TARGET_NAME)";
				SWIFT_OBJC_BRIDGING_HEADER = "P2PCharity/P2PCharity-Bridging-Header.h";
			};
			name = Release;
		};
		14580BF71B80DCC20023D2CE /* Debug */ = {
			isa = XCBuildConfiguration;
			buildSettings = {
				BUNDLE_LOADER = "$(TEST_HOST)";
				FRAMEWORK_SEARCH_PATHS = (
					"$(SDKROOT)/Developer/Library/Frameworks",
					"$(inherited)",
				);
				GCC_PREPROCESSOR_DEFINITIONS = (
					"DEBUG=1",
					"$(inherited)",
				);
				INFOPLIST_FILE = P2PCharityTests/Info.plist;
				LD_RUNPATH_SEARCH_PATHS = "$(inherited) @executable_path/Frameworks @loader_path/Frameworks";
				PRODUCT_NAME = "$(TARGET_NAME)";
				TEST_HOST = "$(BUILT_PRODUCTS_DIR)/P2PCharity.app/P2PCharity";
			};
			name = Debug;
		};
		14580BF81B80DCC20023D2CE /* Release */ = {
			isa = XCBuildConfiguration;
			buildSettings = {
				BUNDLE_LOADER = "$(TEST_HOST)";
				FRAMEWORK_SEARCH_PATHS = (
					"$(SDKROOT)/Developer/Library/Frameworks",
					"$(inherited)",
				);
				INFOPLIST_FILE = P2PCharityTests/Info.plist;
				LD_RUNPATH_SEARCH_PATHS = "$(inherited) @executable_path/Frameworks @loader_path/Frameworks";
				PRODUCT_NAME = "$(TARGET_NAME)";
				TEST_HOST = "$(BUILT_PRODUCTS_DIR)/P2PCharity.app/P2PCharity";
			};
			name = Release;
		};
/* End XCBuildConfiguration section */

/* Begin XCConfigurationList section */
		14580BCC1B80DCC20023D2CE /* Build configuration list for PBXProject "P2PCharity" */ = {
			isa = XCConfigurationList;
			buildConfigurations = (
				14580BF11B80DCC20023D2CE /* Debug */,
				14580BF21B80DCC20023D2CE /* Release */,
			);
			defaultConfigurationIsVisible = 0;
			defaultConfigurationName = Release;
		};
		14580BF31B80DCC20023D2CE /* Build configuration list for PBXNativeTarget "P2PCharity" */ = {
			isa = XCConfigurationList;
			buildConfigurations = (
				14580BF41B80DCC20023D2CE /* Debug */,
				14580BF51B80DCC20023D2CE /* Release */,
			);
			defaultConfigurationIsVisible = 0;
			defaultConfigurationName = Release;
		};
		14580BF61B80DCC20023D2CE /* Build configuration list for PBXNativeTarget "P2PCharityTests" */ = {
			isa = XCConfigurationList;
			buildConfigurations = (
				14580BF71B80DCC20023D2CE /* Debug */,
				14580BF81B80DCC20023D2CE /* Release */,
			);
			defaultConfigurationIsVisible = 0;
			defaultConfigurationName = Release;
		};
/* End XCConfigurationList section */

/* Begin XCVersionGroup section */
		14580BD81B80DCC20023D2CE /* P2PCharity.xcdatamodeld */ = {
			isa = XCVersionGroup;
			children = (
				14580BD91B80DCC20023D2CE /* P2PCharity.xcdatamodel */,
			);
			currentVersion = 14580BD91B80DCC20023D2CE /* P2PCharity.xcdatamodel */;
			path = P2PCharity.xcdatamodeld;
			sourceTree = "<group>";
			versionGroupType = wrapper.xcdatamodel;
		};
/* End XCVersionGroup section */
	};
	rootObject = 14580BC91B80DCC20023D2CE /* Project object */;
}
